// !$*UTF8*$!
{
	archiveVersion = 1;
	classes = {
	};
	objectVersion = 46;
	objects = {

/* Begin PBXBuildFile section */
		OBJ_106 /* CoreJSONConvenienceTests.swift in Sources */ = {isa = PBXBuildFile; fileRef = OBJ_23 /* CoreJSONConvenienceTests.swift */; };
		OBJ_108 /* CoreJSON.framework in Frameworks */ = {isa = PBXBuildFile; fileRef = OBJ_36 /* CoreJSON.framework */; };
		OBJ_109 /* CoreJSONConvenience.framework in Frameworks */ = {isa = PBXBuildFile; fileRef = OBJ_37 /* CoreJSONConvenience.framework */; };
		OBJ_117 /* CoreJSONFromFoundationTests.swift in Sources */ = {isa = PBXBuildFile; fileRef = OBJ_25 /* CoreJSONFromFoundationTests.swift */; };
		OBJ_118 /* CoreJSONToFoundationTests.swift in Sources */ = {isa = PBXBuildFile; fileRef = OBJ_26 /* CoreJSONToFoundationTests.swift */; };
		OBJ_120 /* CoreJSON.framework in Frameworks */ = {isa = PBXBuildFile; fileRef = OBJ_36 /* CoreJSON.framework */; };
		OBJ_121 /* CoreJSONFoundation.framework in Frameworks */ = {isa = PBXBuildFile; fileRef = OBJ_38 /* CoreJSONFoundation.framework */; };
		OBJ_129 /* CoreJSONLiteralsTests.swift in Sources */ = {isa = PBXBuildFile; fileRef = OBJ_28 /* CoreJSONLiteralsTests.swift */; };
		OBJ_131 /* CoreJSON.framework in Frameworks */ = {isa = PBXBuildFile; fileRef = OBJ_36 /* CoreJSON.framework */; };
		OBJ_132 /* CoreJSONLiterals.framework in Frameworks */ = {isa = PBXBuildFile; fileRef = OBJ_39 /* CoreJSONLiterals.framework */; };
		OBJ_140 /* CoreJSONPointerTests.swift in Sources */ = {isa = PBXBuildFile; fileRef = OBJ_30 /* CoreJSONPointerTests.swift */; };
		OBJ_142 /* CoreJSON.framework in Frameworks */ = {isa = PBXBuildFile; fileRef = OBJ_36 /* CoreJSON.framework */; };
		OBJ_143 /* CoreJSONPointer.framework in Frameworks */ = {isa = PBXBuildFile; fileRef = OBJ_40 /* CoreJSONPointer.framework */; };
		OBJ_151 /* CoreJSONSubscriptTests.swift in Sources */ = {isa = PBXBuildFile; fileRef = OBJ_32 /* CoreJSONSubscriptTests.swift */; };
		OBJ_153 /* CoreJSON.framework in Frameworks */ = {isa = PBXBuildFile; fileRef = OBJ_36 /* CoreJSON.framework */; };
		OBJ_154 /* CoreJSONSubscript.framework in Frameworks */ = {isa = PBXBuildFile; fileRef = OBJ_41 /* CoreJSONSubscript.framework */; };
		OBJ_162 /* CoreJSONTests.swift in Sources */ = {isa = PBXBuildFile; fileRef = OBJ_34 /* CoreJSONTests.swift */; };
		OBJ_164 /* CoreJSON.framework in Frameworks */ = {isa = PBXBuildFile; fileRef = OBJ_36 /* CoreJSON.framework */; };
		OBJ_53 /* JSON.swift in Sources */ = {isa = PBXBuildFile; fileRef = OBJ_9 /* JSON.swift */; };
		OBJ_60 /* JSONConvenience.swift in Sources */ = {isa = PBXBuildFile; fileRef = OBJ_11 /* JSONConvenience.swift */; };
		OBJ_62 /* CoreJSON.framework in Frameworks */ = {isa = PBXBuildFile; fileRef = OBJ_36 /* CoreJSON.framework */; };
		OBJ_69 /* FromFoundation.swift in Sources */ = {isa = PBXBuildFile; fileRef = OBJ_13 /* FromFoundation.swift */; };
		OBJ_70 /* ToFoundation.swift in Sources */ = {isa = PBXBuildFile; fileRef = OBJ_14 /* ToFoundation.swift */; };
		OBJ_72 /* CoreJSON.framework in Frameworks */ = {isa = PBXBuildFile; fileRef = OBJ_36 /* CoreJSON.framework */; };
		OBJ_79 /* JSONLiterals.swift in Sources */ = {isa = PBXBuildFile; fileRef = OBJ_16 /* JSONLiterals.swift */; };
		OBJ_81 /* CoreJSON.framework in Frameworks */ = {isa = PBXBuildFile; fileRef = OBJ_36 /* CoreJSON.framework */; };
		OBJ_88 /* JSONPointer.swift in Sources */ = {isa = PBXBuildFile; fileRef = OBJ_18 /* JSONPointer.swift */; };
		OBJ_90 /* CoreJSON.framework in Frameworks */ = {isa = PBXBuildFile; fileRef = OBJ_36 /* CoreJSON.framework */; };
		OBJ_97 /* JSONSubscript.swift in Sources */ = {isa = PBXBuildFile; fileRef = OBJ_20 /* JSONSubscript.swift */; };
		OBJ_99 /* CoreJSON.framework in Frameworks */ = {isa = PBXBuildFile; fileRef = OBJ_36 /* CoreJSON.framework */; };
/* End PBXBuildFile section */

/* Begin PBXContainerItemProxy section */
		421F5C111DFF46BE00611778 /* PBXContainerItemProxy */ = {
			isa = PBXContainerItemProxy;
			containerPortal = OBJ_1 /* Project object */;
			proxyType = 1;
			remoteGlobalIDString = OBJ_48;
			remoteInfo = CoreJSON;
		};
		421F5C121DFF46BE00611778 /* PBXContainerItemProxy */ = {
			isa = PBXContainerItemProxy;
			containerPortal = OBJ_1 /* Project object */;
			proxyType = 1;
			remoteGlobalIDString = OBJ_48;
			remoteInfo = CoreJSON;
		};
		421F5C131DFF46BE00611778 /* PBXContainerItemProxy */ = {
			isa = PBXContainerItemProxy;
			containerPortal = OBJ_1 /* Project object */;
			proxyType = 1;
			remoteGlobalIDString = OBJ_48;
			remoteInfo = CoreJSON;
		};
		421F5C141DFF46BE00611778 /* PBXContainerItemProxy */ = {
			isa = PBXContainerItemProxy;
			containerPortal = OBJ_1 /* Project object */;
			proxyType = 1;
			remoteGlobalIDString = OBJ_48;
			remoteInfo = CoreJSON;
		};
		421F5C151DFF46BE00611778 /* PBXContainerItemProxy */ = {
			isa = PBXContainerItemProxy;
			containerPortal = OBJ_1 /* Project object */;
			proxyType = 1;
			remoteGlobalIDString = OBJ_48;
			remoteInfo = CoreJSON;
		};
		421F5C161DFF46BE00611778 /* PBXContainerItemProxy */ = {
			isa = PBXContainerItemProxy;
			containerPortal = OBJ_1 /* Project object */;
			proxyType = 1;
			remoteGlobalIDString = OBJ_48;
			remoteInfo = CoreJSON;
		};
		421F5C171DFF46BE00611778 /* PBXContainerItemProxy */ = {
			isa = PBXContainerItemProxy;
			containerPortal = OBJ_1 /* Project object */;
			proxyType = 1;
			remoteGlobalIDString = OBJ_55;
			remoteInfo = CoreJSONConvenience;
		};
		421F5C181DFF46BE00611778 /* PBXContainerItemProxy */ = {
			isa = PBXContainerItemProxy;
			containerPortal = OBJ_1 /* Project object */;
			proxyType = 1;
			remoteGlobalIDString = OBJ_48;
			remoteInfo = CoreJSON;
		};
		421F5C191DFF46BE00611778 /* PBXContainerItemProxy */ = {
			isa = PBXContainerItemProxy;
			containerPortal = OBJ_1 /* Project object */;
			proxyType = 1;
			remoteGlobalIDString = OBJ_64;
			remoteInfo = CoreJSONFoundation;
		};
		421F5C1A1DFF46BE00611778 /* PBXContainerItemProxy */ = {
			isa = PBXContainerItemProxy;
			containerPortal = OBJ_1 /* Project object */;
			proxyType = 1;
			remoteGlobalIDString = OBJ_48;
			remoteInfo = CoreJSON;
		};
		421F5C1B1DFF46BE00611778 /* PBXContainerItemProxy */ = {
			isa = PBXContainerItemProxy;
			containerPortal = OBJ_1 /* Project object */;
			proxyType = 1;
			remoteGlobalIDString = OBJ_74;
			remoteInfo = CoreJSONLiterals;
		};
		421F5C1C1DFF46BE00611778 /* PBXContainerItemProxy */ = {
			isa = PBXContainerItemProxy;
			containerPortal = OBJ_1 /* Project object */;
			proxyType = 1;
			remoteGlobalIDString = OBJ_48;
			remoteInfo = CoreJSON;
		};
		421F5C1D1DFF46BE00611778 /* PBXContainerItemProxy */ = {
			isa = PBXContainerItemProxy;
			containerPortal = OBJ_1 /* Project object */;
			proxyType = 1;
			remoteGlobalIDString = OBJ_83;
			remoteInfo = CoreJSONPointer;
		};
		421F5C1E1DFF46BE00611778 /* PBXContainerItemProxy */ = {
			isa = PBXContainerItemProxy;
			containerPortal = OBJ_1 /* Project object */;
			proxyType = 1;
			remoteGlobalIDString = OBJ_48;
			remoteInfo = CoreJSON;
		};
		421F5C1F1DFF46BE00611778 /* PBXContainerItemProxy */ = {
			isa = PBXContainerItemProxy;
			containerPortal = OBJ_1 /* Project object */;
			proxyType = 1;
			remoteGlobalIDString = OBJ_92;
			remoteInfo = CoreJSONSubscript;
		};
		421F5C201DFF46BE00611778 /* PBXContainerItemProxy */ = {
			isa = PBXContainerItemProxy;
			containerPortal = OBJ_1 /* Project object */;
			proxyType = 1;
			remoteGlobalIDString = OBJ_48;
			remoteInfo = CoreJSON;
		};
/* End PBXContainerItemProxy section */

/* Begin PBXFileReference section */
		OBJ_11 /* JSONConvenience.swift */ = {isa = PBXFileReference; lastKnownFileType = sourcecode.swift; path = JSONConvenience.swift; sourceTree = "<group>"; };
		OBJ_13 /* FromFoundation.swift */ = {isa = PBXFileReference; lastKnownFileType = sourcecode.swift; path = FromFoundation.swift; sourceTree = "<group>"; };
		OBJ_14 /* ToFoundation.swift */ = {isa = PBXFileReference; lastKnownFileType = sourcecode.swift; path = ToFoundation.swift; sourceTree = "<group>"; };
		OBJ_16 /* JSONLiterals.swift */ = {isa = PBXFileReference; lastKnownFileType = sourcecode.swift; path = JSONLiterals.swift; sourceTree = "<group>"; };
		OBJ_18 /* JSONPointer.swift */ = {isa = PBXFileReference; lastKnownFileType = sourcecode.swift; path = JSONPointer.swift; sourceTree = "<group>"; };
		OBJ_20 /* JSONSubscript.swift */ = {isa = PBXFileReference; lastKnownFileType = sourcecode.swift; path = JSONSubscript.swift; sourceTree = "<group>"; };
		OBJ_23 /* CoreJSONConvenienceTests.swift */ = {isa = PBXFileReference; lastKnownFileType = sourcecode.swift; path = CoreJSONConvenienceTests.swift; sourceTree = "<group>"; };
		OBJ_25 /* CoreJSONFromFoundationTests.swift */ = {isa = PBXFileReference; lastKnownFileType = sourcecode.swift; path = CoreJSONFromFoundationTests.swift; sourceTree = "<group>"; };
		OBJ_26 /* CoreJSONToFoundationTests.swift */ = {isa = PBXFileReference; lastKnownFileType = sourcecode.swift; path = CoreJSONToFoundationTests.swift; sourceTree = "<group>"; };
		OBJ_28 /* CoreJSONLiteralsTests.swift */ = {isa = PBXFileReference; lastKnownFileType = sourcecode.swift; path = CoreJSONLiteralsTests.swift; sourceTree = "<group>"; };
		OBJ_30 /* CoreJSONPointerTests.swift */ = {isa = PBXFileReference; lastKnownFileType = sourcecode.swift; path = CoreJSONPointerTests.swift; sourceTree = "<group>"; };
		OBJ_32 /* CoreJSONSubscriptTests.swift */ = {isa = PBXFileReference; lastKnownFileType = sourcecode.swift; path = CoreJSONSubscriptTests.swift; sourceTree = "<group>"; };
		OBJ_34 /* CoreJSONTests.swift */ = {isa = PBXFileReference; lastKnownFileType = sourcecode.swift; path = CoreJSONTests.swift; sourceTree = "<group>"; };
		OBJ_36 /* CoreJSON.framework */ = {isa = PBXFileReference; explicitFileType = wrapper.framework; path = CoreJSON.framework; sourceTree = BUILT_PRODUCTS_DIR; };
		OBJ_37 /* CoreJSONConvenience.framework */ = {isa = PBXFileReference; explicitFileType = wrapper.framework; path = CoreJSONConvenience.framework; sourceTree = BUILT_PRODUCTS_DIR; };
		OBJ_38 /* CoreJSONFoundation.framework */ = {isa = PBXFileReference; explicitFileType = wrapper.framework; path = CoreJSONFoundation.framework; sourceTree = BUILT_PRODUCTS_DIR; };
		OBJ_39 /* CoreJSONLiterals.framework */ = {isa = PBXFileReference; explicitFileType = wrapper.framework; path = CoreJSONLiterals.framework; sourceTree = BUILT_PRODUCTS_DIR; };
		OBJ_40 /* CoreJSONPointer.framework */ = {isa = PBXFileReference; explicitFileType = wrapper.framework; path = CoreJSONPointer.framework; sourceTree = BUILT_PRODUCTS_DIR; };
		OBJ_41 /* CoreJSONSubscript.framework */ = {isa = PBXFileReference; explicitFileType = wrapper.framework; path = CoreJSONSubscript.framework; sourceTree = BUILT_PRODUCTS_DIR; };
		OBJ_42 /* CoreJSONConvenienceTests.xctest */ = {isa = PBXFileReference; lastKnownFileType = file; path = CoreJSONConvenienceTests.xctest; sourceTree = BUILT_PRODUCTS_DIR; };
		OBJ_43 /* CoreJSONFoundationTests.xctest */ = {isa = PBXFileReference; lastKnownFileType = file; path = CoreJSONFoundationTests.xctest; sourceTree = BUILT_PRODUCTS_DIR; };
		OBJ_44 /* CoreJSONLiteralsTests.xctest */ = {isa = PBXFileReference; lastKnownFileType = file; path = CoreJSONLiteralsTests.xctest; sourceTree = BUILT_PRODUCTS_DIR; };
		OBJ_45 /* CoreJSONPointerTests.xctest */ = {isa = PBXFileReference; lastKnownFileType = file; path = CoreJSONPointerTests.xctest; sourceTree = BUILT_PRODUCTS_DIR; };
		OBJ_46 /* CoreJSONSubscriptTests.xctest */ = {isa = PBXFileReference; lastKnownFileType = file; path = CoreJSONSubscriptTests.xctest; sourceTree = BUILT_PRODUCTS_DIR; };
		OBJ_47 /* CoreJSONTests.xctest */ = {isa = PBXFileReference; lastKnownFileType = file; path = CoreJSONTests.xctest; sourceTree = BUILT_PRODUCTS_DIR; };
		OBJ_6 /* Package.swift */ = {isa = PBXFileReference; explicitFileType = sourcecode.swift; path = Package.swift; sourceTree = "<group>"; };
		OBJ_9 /* JSON.swift */ = {isa = PBXFileReference; lastKnownFileType = sourcecode.swift; path = JSON.swift; sourceTree = "<group>"; };
/* End PBXFileReference section */

/* Begin PBXFrameworksBuildPhase section */
		OBJ_107 /* Frameworks */ = {
			isa = PBXFrameworksBuildPhase;
			buildActionMask = 0;
			files = (
				OBJ_108 /* CoreJSON.framework in Frameworks */,
				OBJ_109 /* CoreJSONConvenience.framework in Frameworks */,
			);
			runOnlyForDeploymentPostprocessing = 0;
		};
		OBJ_119 /* Frameworks */ = {
			isa = PBXFrameworksBuildPhase;
			buildActionMask = 0;
			files = (
				OBJ_120 /* CoreJSON.framework in Frameworks */,
				OBJ_121 /* CoreJSONFoundation.framework in Frameworks */,
			);
			runOnlyForDeploymentPostprocessing = 0;
		};
		OBJ_130 /* Frameworks */ = {
			isa = PBXFrameworksBuildPhase;
			buildActionMask = 0;
			files = (
				OBJ_131 /* CoreJSON.framework in Frameworks */,
				OBJ_132 /* CoreJSONLiterals.framework in Frameworks */,
			);
			runOnlyForDeploymentPostprocessing = 0;
		};
		OBJ_141 /* Frameworks */ = {
			isa = PBXFrameworksBuildPhase;
			buildActionMask = 0;
			files = (
				OBJ_142 /* CoreJSON.framework in Frameworks */,
				OBJ_143 /* CoreJSONPointer.framework in Frameworks */,
			);
			runOnlyForDeploymentPostprocessing = 0;
		};
		OBJ_152 /* Frameworks */ = {
			isa = PBXFrameworksBuildPhase;
			buildActionMask = 0;
			files = (
				OBJ_153 /* CoreJSON.framework in Frameworks */,
				OBJ_154 /* CoreJSONSubscript.framework in Frameworks */,
			);
			runOnlyForDeploymentPostprocessing = 0;
		};
		OBJ_163 /* Frameworks */ = {
			isa = PBXFrameworksBuildPhase;
			buildActionMask = 0;
			files = (
				OBJ_164 /* CoreJSON.framework in Frameworks */,
			);
			runOnlyForDeploymentPostprocessing = 0;
		};
		OBJ_54 /* Frameworks */ = {
			isa = PBXFrameworksBuildPhase;
			buildActionMask = 0;
			files = (
			);
			runOnlyForDeploymentPostprocessing = 0;
		};
		OBJ_61 /* Frameworks */ = {
			isa = PBXFrameworksBuildPhase;
			buildActionMask = 0;
			files = (
				OBJ_62 /* CoreJSON.framework in Frameworks */,
			);
			runOnlyForDeploymentPostprocessing = 0;
		};
		OBJ_71 /* Frameworks */ = {
			isa = PBXFrameworksBuildPhase;
			buildActionMask = 0;
			files = (
				OBJ_72 /* CoreJSON.framework in Frameworks */,
			);
			runOnlyForDeploymentPostprocessing = 0;
		};
		OBJ_80 /* Frameworks */ = {
			isa = PBXFrameworksBuildPhase;
			buildActionMask = 0;
			files = (
				OBJ_81 /* CoreJSON.framework in Frameworks */,
			);
			runOnlyForDeploymentPostprocessing = 0;
		};
		OBJ_89 /* Frameworks */ = {
			isa = PBXFrameworksBuildPhase;
			buildActionMask = 0;
			files = (
				OBJ_90 /* CoreJSON.framework in Frameworks */,
			);
			runOnlyForDeploymentPostprocessing = 0;
		};
		OBJ_98 /* Frameworks */ = {
			isa = PBXFrameworksBuildPhase;
			buildActionMask = 0;
			files = (
				OBJ_99 /* CoreJSON.framework in Frameworks */,
			);
			runOnlyForDeploymentPostprocessing = 0;
		};
/* End PBXFrameworksBuildPhase section */

/* Begin PBXGroup section */
		OBJ_10 /* CoreJSONConvenience */ = {
			isa = PBXGroup;
			children = (
				OBJ_11 /* JSONConvenience.swift */,
			);
			name = CoreJSONConvenience;
			path = Sources/CoreJSONConvenience;
			sourceTree = SOURCE_ROOT;
		};
		OBJ_12 /* CoreJSONFoundation */ = {
			isa = PBXGroup;
			children = (
				OBJ_13 /* FromFoundation.swift */,
				OBJ_14 /* ToFoundation.swift */,
			);
			name = CoreJSONFoundation;
			path = Sources/CoreJSONFoundation;
			sourceTree = SOURCE_ROOT;
		};
		OBJ_15 /* CoreJSONLiterals */ = {
			isa = PBXGroup;
			children = (
				OBJ_16 /* JSONLiterals.swift */,
			);
			name = CoreJSONLiterals;
			path = Sources/CoreJSONLiterals;
			sourceTree = SOURCE_ROOT;
		};
		OBJ_17 /* CoreJSONPointer */ = {
			isa = PBXGroup;
			children = (
				OBJ_18 /* JSONPointer.swift */,
			);
			name = CoreJSONPointer;
			path = Sources/CoreJSONPointer;
			sourceTree = SOURCE_ROOT;
		};
		OBJ_19 /* CoreJSONSubscript */ = {
			isa = PBXGroup;
			children = (
				OBJ_20 /* JSONSubscript.swift */,
			);
			name = CoreJSONSubscript;
			path = Sources/CoreJSONSubscript;
			sourceTree = SOURCE_ROOT;
		};
		OBJ_21 /* Tests */ = {
			isa = PBXGroup;
			children = (
				OBJ_22 /* CoreJSONConvenienceTests */,
				OBJ_24 /* CoreJSONFoundationTests */,
				OBJ_27 /* CoreJSONLiteralsTests */,
				OBJ_29 /* CoreJSONPointerTests */,
				OBJ_31 /* CoreJSONSubscriptTests */,
				OBJ_33 /* CoreJSONTests */,
			);
			path = Tests;
			sourceTree = "<group>";
		};
		OBJ_22 /* CoreJSONConvenienceTests */ = {
			isa = PBXGroup;
			children = (
				OBJ_23 /* CoreJSONConvenienceTests.swift */,
			);
			name = CoreJSONConvenienceTests;
			path = Tests/CoreJSONConvenienceTests;
			sourceTree = SOURCE_ROOT;
		};
		OBJ_24 /* CoreJSONFoundationTests */ = {
			isa = PBXGroup;
			children = (
				OBJ_25 /* CoreJSONFromFoundationTests.swift */,
				OBJ_26 /* CoreJSONToFoundationTests.swift */,
			);
			name = CoreJSONFoundationTests;
			path = Tests/CoreJSONFoundationTests;
			sourceTree = SOURCE_ROOT;
		};
		OBJ_27 /* CoreJSONLiteralsTests */ = {
			isa = PBXGroup;
			children = (
				OBJ_28 /* CoreJSONLiteralsTests.swift */,
			);
			name = CoreJSONLiteralsTests;
			path = Tests/CoreJSONLiteralsTests;
			sourceTree = SOURCE_ROOT;
		};
		OBJ_29 /* CoreJSONPointerTests */ = {
			isa = PBXGroup;
			children = (
				OBJ_30 /* CoreJSONPointerTests.swift */,
			);
			name = CoreJSONPointerTests;
			path = Tests/CoreJSONPointerTests;
			sourceTree = SOURCE_ROOT;
		};
		OBJ_31 /* CoreJSONSubscriptTests */ = {
			isa = PBXGroup;
			children = (
				OBJ_32 /* CoreJSONSubscriptTests.swift */,
			);
			name = CoreJSONSubscriptTests;
			path = Tests/CoreJSONSubscriptTests;
			sourceTree = SOURCE_ROOT;
		};
		OBJ_33 /* CoreJSONTests */ = {
			isa = PBXGroup;
			children = (
				OBJ_34 /* CoreJSONTests.swift */,
			);
			name = CoreJSONTests;
			path = Tests/CoreJSONTests;
			sourceTree = SOURCE_ROOT;
		};
		OBJ_35 /* Products */ = {
			isa = PBXGroup;
			children = (
				OBJ_36 /* CoreJSON.framework */,
				OBJ_37 /* CoreJSONConvenience.framework */,
				OBJ_38 /* CoreJSONFoundation.framework */,
				OBJ_39 /* CoreJSONLiterals.framework */,
				OBJ_40 /* CoreJSONPointer.framework */,
				OBJ_41 /* CoreJSONSubscript.framework */,
				OBJ_42 /* CoreJSONConvenienceTests.xctest */,
				OBJ_43 /* CoreJSONFoundationTests.xctest */,
				OBJ_44 /* CoreJSONLiteralsTests.xctest */,
				OBJ_45 /* CoreJSONPointerTests.xctest */,
				OBJ_46 /* CoreJSONSubscriptTests.xctest */,
				OBJ_47 /* CoreJSONTests.xctest */,
			);
			name = Products;
			sourceTree = BUILT_PRODUCTS_DIR;
		};
		OBJ_5 /*  */ = {
			isa = PBXGroup;
			children = (
				OBJ_6 /* Package.swift */,
				OBJ_7 /* Sources */,
				OBJ_21 /* Tests */,
				OBJ_35 /* Products */,
			);
			name = "";
			sourceTree = "<group>";
		};
		OBJ_7 /* Sources */ = {
			isa = PBXGroup;
			children = (
				OBJ_8 /* CoreJSON */,
				OBJ_10 /* CoreJSONConvenience */,
				OBJ_12 /* CoreJSONFoundation */,
				OBJ_15 /* CoreJSONLiterals */,
				OBJ_17 /* CoreJSONPointer */,
				OBJ_19 /* CoreJSONSubscript */,
			);
			path = Sources;
			sourceTree = "<group>";
		};
		OBJ_8 /* CoreJSON */ = {
			isa = PBXGroup;
			children = (
				OBJ_9 /* JSON.swift */,
			);
			name = CoreJSON;
			path = Sources/CoreJSON;
			sourceTree = SOURCE_ROOT;
		};
/* End PBXGroup section */

/* Begin PBXNativeTarget section */
		OBJ_101 /* CoreJSONConvenienceTests */ = {
			isa = PBXNativeTarget;
			buildConfigurationList = OBJ_102 /* Build configuration list for PBXNativeTarget "CoreJSONConvenienceTests" */;
			buildPhases = (
				OBJ_105 /* Sources */,
				OBJ_107 /* Frameworks */,
			);
			buildRules = (
			);
			dependencies = (
				OBJ_110 /* PBXTargetDependency */,
				OBJ_111 /* PBXTargetDependency */,
			);
			name = CoreJSONConvenienceTests;
			productName = CoreJSONConvenienceTests;
			productReference = OBJ_42 /* CoreJSONConvenienceTests.xctest */;
			productType = "com.apple.product-type.bundle.unit-test";
		};
		OBJ_112 /* CoreJSONFoundationTests */ = {
			isa = PBXNativeTarget;
			buildConfigurationList = OBJ_113 /* Build configuration list for PBXNativeTarget "CoreJSONFoundationTests" */;
			buildPhases = (
				OBJ_116 /* Sources */,
				OBJ_119 /* Frameworks */,
			);
			buildRules = (
			);
			dependencies = (
				OBJ_122 /* PBXTargetDependency */,
				OBJ_123 /* PBXTargetDependency */,
			);
			name = CoreJSONFoundationTests;
			productName = CoreJSONFoundationTests;
			productReference = OBJ_43 /* CoreJSONFoundationTests.xctest */;
			productType = "com.apple.product-type.bundle.unit-test";
		};
		OBJ_124 /* CoreJSONLiteralsTests */ = {
			isa = PBXNativeTarget;
			buildConfigurationList = OBJ_125 /* Build configuration list for PBXNativeTarget "CoreJSONLiteralsTests" */;
			buildPhases = (
				OBJ_128 /* Sources */,
				OBJ_130 /* Frameworks */,
			);
			buildRules = (
			);
			dependencies = (
				OBJ_133 /* PBXTargetDependency */,
				OBJ_134 /* PBXTargetDependency */,
			);
			name = CoreJSONLiteralsTests;
			productName = CoreJSONLiteralsTests;
			productReference = OBJ_44 /* CoreJSONLiteralsTests.xctest */;
			productType = "com.apple.product-type.bundle.unit-test";
		};
		OBJ_135 /* CoreJSONPointerTests */ = {
			isa = PBXNativeTarget;
			buildConfigurationList = OBJ_136 /* Build configuration list for PBXNativeTarget "CoreJSONPointerTests" */;
			buildPhases = (
				OBJ_139 /* Sources */,
				OBJ_141 /* Frameworks */,
			);
			buildRules = (
			);
			dependencies = (
				OBJ_144 /* PBXTargetDependency */,
				OBJ_145 /* PBXTargetDependency */,
			);
			name = CoreJSONPointerTests;
			productName = CoreJSONPointerTests;
			productReference = OBJ_45 /* CoreJSONPointerTests.xctest */;
			productType = "com.apple.product-type.bundle.unit-test";
		};
		OBJ_146 /* CoreJSONSubscriptTests */ = {
			isa = PBXNativeTarget;
			buildConfigurationList = OBJ_147 /* Build configuration list for PBXNativeTarget "CoreJSONSubscriptTests" */;
			buildPhases = (
				OBJ_150 /* Sources */,
				OBJ_152 /* Frameworks */,
			);
			buildRules = (
			);
			dependencies = (
				OBJ_155 /* PBXTargetDependency */,
				OBJ_156 /* PBXTargetDependency */,
			);
			name = CoreJSONSubscriptTests;
			productName = CoreJSONSubscriptTests;
			productReference = OBJ_46 /* CoreJSONSubscriptTests.xctest */;
			productType = "com.apple.product-type.bundle.unit-test";
		};
		OBJ_157 /* CoreJSONTests */ = {
			isa = PBXNativeTarget;
			buildConfigurationList = OBJ_158 /* Build configuration list for PBXNativeTarget "CoreJSONTests" */;
			buildPhases = (
				OBJ_161 /* Sources */,
				OBJ_163 /* Frameworks */,
			);
			buildRules = (
			);
			dependencies = (
				OBJ_165 /* PBXTargetDependency */,
			);
			name = CoreJSONTests;
			productName = CoreJSONTests;
			productReference = OBJ_47 /* CoreJSONTests.xctest */;
			productType = "com.apple.product-type.bundle.unit-test";
		};
		OBJ_48 /* CoreJSON */ = {
			isa = PBXNativeTarget;
			buildConfigurationList = OBJ_49 /* Build configuration list for PBXNativeTarget "CoreJSON" */;
			buildPhases = (
				OBJ_52 /* Sources */,
				OBJ_54 /* Frameworks */,
			);
			buildRules = (
			);
			dependencies = (
			);
			name = CoreJSON;
			productName = CoreJSON;
			productReference = OBJ_36 /* CoreJSON.framework */;
			productType = "com.apple.product-type.framework";
		};
		OBJ_55 /* CoreJSONConvenience */ = {
			isa = PBXNativeTarget;
			buildConfigurationList = OBJ_56 /* Build configuration list for PBXNativeTarget "CoreJSONConvenience" */;
			buildPhases = (
				OBJ_59 /* Sources */,
				OBJ_61 /* Frameworks */,
			);
			buildRules = (
			);
			dependencies = (
				OBJ_63 /* PBXTargetDependency */,
			);
			name = CoreJSONConvenience;
			productName = CoreJSONConvenience;
			productReference = OBJ_37 /* CoreJSONConvenience.framework */;
			productType = "com.apple.product-type.framework";
		};
		OBJ_64 /* CoreJSONFoundation */ = {
			isa = PBXNativeTarget;
			buildConfigurationList = OBJ_65 /* Build configuration list for PBXNativeTarget "CoreJSONFoundation" */;
			buildPhases = (
				OBJ_68 /* Sources */,
				OBJ_71 /* Frameworks */,
			);
			buildRules = (
			);
			dependencies = (
				OBJ_73 /* PBXTargetDependency */,
			);
			name = CoreJSONFoundation;
			productName = CoreJSONFoundation;
			productReference = OBJ_38 /* CoreJSONFoundation.framework */;
			productType = "com.apple.product-type.framework";
		};
		OBJ_74 /* CoreJSONLiterals */ = {
			isa = PBXNativeTarget;
			buildConfigurationList = OBJ_75 /* Build configuration list for PBXNativeTarget "CoreJSONLiterals" */;
			buildPhases = (
				OBJ_78 /* Sources */,
				OBJ_80 /* Frameworks */,
			);
			buildRules = (
			);
			dependencies = (
				OBJ_82 /* PBXTargetDependency */,
			);
			name = CoreJSONLiterals;
			productName = CoreJSONLiterals;
			productReference = OBJ_39 /* CoreJSONLiterals.framework */;
			productType = "com.apple.product-type.framework";
		};
		OBJ_83 /* CoreJSONPointer */ = {
			isa = PBXNativeTarget;
			buildConfigurationList = OBJ_84 /* Build configuration list for PBXNativeTarget "CoreJSONPointer" */;
			buildPhases = (
				OBJ_87 /* Sources */,
				OBJ_89 /* Frameworks */,
			);
			buildRules = (
			);
			dependencies = (
				OBJ_91 /* PBXTargetDependency */,
			);
			name = CoreJSONPointer;
			productName = CoreJSONPointer;
			productReference = OBJ_40 /* CoreJSONPointer.framework */;
			productType = "com.apple.product-type.framework";
		};
		OBJ_92 /* CoreJSONSubscript */ = {
			isa = PBXNativeTarget;
			buildConfigurationList = OBJ_93 /* Build configuration list for PBXNativeTarget "CoreJSONSubscript" */;
			buildPhases = (
				OBJ_96 /* Sources */,
				OBJ_98 /* Frameworks */,
			);
			buildRules = (
			);
			dependencies = (
				OBJ_100 /* PBXTargetDependency */,
			);
			name = CoreJSONSubscript;
			productName = CoreJSONSubscript;
			productReference = OBJ_41 /* CoreJSONSubscript.framework */;
			productType = "com.apple.product-type.framework";
		};
/* End PBXNativeTarget section */

/* Begin PBXProject section */
		OBJ_1 /* Project object */ = {
			isa = PBXProject;
			attributes = {
				LastUpgradeCheck = 9999;
			};
			buildConfigurationList = OBJ_2 /* Build configuration list for PBXProject "CoreJSON" */;
			compatibilityVersion = "Xcode 3.2";
			developmentRegion = English;
			hasScannedForEncodings = 0;
			knownRegions = (
				en,
			);
			mainGroup = OBJ_5 /*  */;
			productRefGroup = OBJ_35 /* Products */;
			projectDirPath = "";
			projectRoot = "";
			targets = (
				OBJ_48 /* CoreJSON */,
				OBJ_55 /* CoreJSONConvenience */,
				OBJ_64 /* CoreJSONFoundation */,
				OBJ_74 /* CoreJSONLiterals */,
				OBJ_83 /* CoreJSONPointer */,
				OBJ_92 /* CoreJSONSubscript */,
				OBJ_101 /* CoreJSONConvenienceTests */,
				OBJ_112 /* CoreJSONFoundationTests */,
				OBJ_124 /* CoreJSONLiteralsTests */,
				OBJ_135 /* CoreJSONPointerTests */,
				OBJ_146 /* CoreJSONSubscriptTests */,
				OBJ_157 /* CoreJSONTests */,
			);
		};
/* End PBXProject section */

/* Begin PBXSourcesBuildPhase section */
		OBJ_105 /* Sources */ = {
			isa = PBXSourcesBuildPhase;
			buildActionMask = 0;
			files = (
				OBJ_106 /* CoreJSONConvenienceTests.swift in Sources */,
			);
			runOnlyForDeploymentPostprocessing = 0;
		};
		OBJ_116 /* Sources */ = {
			isa = PBXSourcesBuildPhase;
			buildActionMask = 0;
			files = (
				OBJ_117 /* CoreJSONFromFoundationTests.swift in Sources */,
				OBJ_118 /* CoreJSONToFoundationTests.swift in Sources */,
			);
			runOnlyForDeploymentPostprocessing = 0;
		};
		OBJ_128 /* Sources */ = {
			isa = PBXSourcesBuildPhase;
			buildActionMask = 0;
			files = (
				OBJ_129 /* CoreJSONLiteralsTests.swift in Sources */,
			);
			runOnlyForDeploymentPostprocessing = 0;
		};
		OBJ_139 /* Sources */ = {
			isa = PBXSourcesBuildPhase;
			buildActionMask = 0;
			files = (
				OBJ_140 /* CoreJSONPointerTests.swift in Sources */,
			);
			runOnlyForDeploymentPostprocessing = 0;
		};
		OBJ_150 /* Sources */ = {
			isa = PBXSourcesBuildPhase;
			buildActionMask = 0;
			files = (
				OBJ_151 /* CoreJSONSubscriptTests.swift in Sources */,
			);
			runOnlyForDeploymentPostprocessing = 0;
		};
		OBJ_161 /* Sources */ = {
			isa = PBXSourcesBuildPhase;
			buildActionMask = 0;
			files = (
				OBJ_162 /* CoreJSONTests.swift in Sources */,
			);
			runOnlyForDeploymentPostprocessing = 0;
		};
		OBJ_52 /* Sources */ = {
			isa = PBXSourcesBuildPhase;
			buildActionMask = 0;
			files = (
				OBJ_53 /* JSON.swift in Sources */,
			);
			runOnlyForDeploymentPostprocessing = 0;
		};
		OBJ_59 /* Sources */ = {
			isa = PBXSourcesBuildPhase;
			buildActionMask = 0;
			files = (
				OBJ_60 /* JSONConvenience.swift in Sources */,
			);
			runOnlyForDeploymentPostprocessing = 0;
		};
		OBJ_68 /* Sources */ = {
			isa = PBXSourcesBuildPhase;
			buildActionMask = 0;
			files = (
				OBJ_69 /* FromFoundation.swift in Sources */,
				OBJ_70 /* ToFoundation.swift in Sources */,
			);
			runOnlyForDeploymentPostprocessing = 0;
		};
		OBJ_78 /* Sources */ = {
			isa = PBXSourcesBuildPhase;
			buildActionMask = 0;
			files = (
				OBJ_79 /* JSONLiterals.swift in Sources */,
			);
			runOnlyForDeploymentPostprocessing = 0;
		};
		OBJ_87 /* Sources */ = {
			isa = PBXSourcesBuildPhase;
			buildActionMask = 0;
			files = (
				OBJ_88 /* JSONPointer.swift in Sources */,
			);
			runOnlyForDeploymentPostprocessing = 0;
		};
		OBJ_96 /* Sources */ = {
			isa = PBXSourcesBuildPhase;
			buildActionMask = 0;
			files = (
				OBJ_97 /* JSONSubscript.swift in Sources */,
			);
			runOnlyForDeploymentPostprocessing = 0;
		};
/* End PBXSourcesBuildPhase section */

/* Begin PBXTargetDependency section */
		OBJ_100 /* PBXTargetDependency */ = {
			isa = PBXTargetDependency;
			target = OBJ_48 /* CoreJSON */;
			targetProxy = 421F5C151DFF46BE00611778 /* PBXContainerItemProxy */;
		};
		OBJ_110 /* PBXTargetDependency */ = {
			isa = PBXTargetDependency;
			target = OBJ_48 /* CoreJSON */;
			targetProxy = 421F5C161DFF46BE00611778 /* PBXContainerItemProxy */;
		};
		OBJ_111 /* PBXTargetDependency */ = {
			isa = PBXTargetDependency;
			target = OBJ_55 /* CoreJSONConvenience */;
			targetProxy = 421F5C171DFF46BE00611778 /* PBXContainerItemProxy */;
		};
		OBJ_122 /* PBXTargetDependency */ = {
			isa = PBXTargetDependency;
			target = OBJ_48 /* CoreJSON */;
			targetProxy = 421F5C181DFF46BE00611778 /* PBXContainerItemProxy */;
		};
		OBJ_123 /* PBXTargetDependency */ = {
			isa = PBXTargetDependency;
			target = OBJ_64 /* CoreJSONFoundation */;
			targetProxy = 421F5C191DFF46BE00611778 /* PBXContainerItemProxy */;
		};
		OBJ_133 /* PBXTargetDependency */ = {
			isa = PBXTargetDependency;
			target = OBJ_48 /* CoreJSON */;
			targetProxy = 421F5C1A1DFF46BE00611778 /* PBXContainerItemProxy */;
		};
		OBJ_134 /* PBXTargetDependency */ = {
			isa = PBXTargetDependency;
			target = OBJ_74 /* CoreJSONLiterals */;
			targetProxy = 421F5C1B1DFF46BE00611778 /* PBXContainerItemProxy */;
		};
		OBJ_144 /* PBXTargetDependency */ = {
			isa = PBXTargetDependency;
			target = OBJ_48 /* CoreJSON */;
			targetProxy = 421F5C1C1DFF46BE00611778 /* PBXContainerItemProxy */;
		};
		OBJ_145 /* PBXTargetDependency */ = {
			isa = PBXTargetDependency;
			target = OBJ_83 /* CoreJSONPointer */;
			targetProxy = 421F5C1D1DFF46BE00611778 /* PBXContainerItemProxy */;
		};
		OBJ_155 /* PBXTargetDependency */ = {
			isa = PBXTargetDependency;
			target = OBJ_48 /* CoreJSON */;
			targetProxy = 421F5C1E1DFF46BE00611778 /* PBXContainerItemProxy */;
		};
		OBJ_156 /* PBXTargetDependency */ = {
			isa = PBXTargetDependency;
			target = OBJ_92 /* CoreJSONSubscript */;
			targetProxy = 421F5C1F1DFF46BE00611778 /* PBXContainerItemProxy */;
		};
		OBJ_165 /* PBXTargetDependency */ = {
			isa = PBXTargetDependency;
			target = OBJ_48 /* CoreJSON */;
			targetProxy = 421F5C201DFF46BE00611778 /* PBXContainerItemProxy */;
		};
		OBJ_63 /* PBXTargetDependency */ = {
			isa = PBXTargetDependency;
			target = OBJ_48 /* CoreJSON */;
			targetProxy = 421F5C111DFF46BE00611778 /* PBXContainerItemProxy */;
		};
		OBJ_73 /* PBXTargetDependency */ = {
			isa = PBXTargetDependency;
			target = OBJ_48 /* CoreJSON */;
			targetProxy = 421F5C121DFF46BE00611778 /* PBXContainerItemProxy */;
		};
		OBJ_82 /* PBXTargetDependency */ = {
			isa = PBXTargetDependency;
			target = OBJ_48 /* CoreJSON */;
			targetProxy = 421F5C131DFF46BE00611778 /* PBXContainerItemProxy */;
		};
		OBJ_91 /* PBXTargetDependency */ = {
			isa = PBXTargetDependency;
			target = OBJ_48 /* CoreJSON */;
			targetProxy = 421F5C141DFF46BE00611778 /* PBXContainerItemProxy */;
		};
/* End PBXTargetDependency section */

/* Begin XCBuildConfiguration section */
		OBJ_103 /* Debug */ = {
			isa = XCBuildConfiguration;
			buildSettings = {
				EMBEDDED_CONTENT_CONTAINS_SWIFT = YES;
				FRAMEWORK_SEARCH_PATHS = "$(PLATFORM_DIR)/Developer/Library/Frameworks";
				HEADER_SEARCH_PATHS = "";
				INFOPLIST_FILE = CoreJSON.xcodeproj/CoreJSONConvenienceTests_Info.plist;
				LD_RUNPATH_SEARCH_PATHS = "@loader_path/../Frameworks";
				OTHER_LDFLAGS = "$(inherited)";
				OTHER_SWIFT_FLAGS = "$(inherited)";
				SUPPORTED_PLATFORMS = macosx;
				SWIFT_ACTIVE_COMPILATION_CONDITIONS = SWIFT_PACKAGE;
				SWIFT_VERSION = 3.0;
				TARGET_NAME = CoreJSONConvenienceTests;
			};
			name = Debug;
		};
		OBJ_104 /* Release */ = {
			isa = XCBuildConfiguration;
			buildSettings = {
				EMBEDDED_CONTENT_CONTAINS_SWIFT = YES;
				FRAMEWORK_SEARCH_PATHS = "$(PLATFORM_DIR)/Developer/Library/Frameworks";
				HEADER_SEARCH_PATHS = "";
				INFOPLIST_FILE = CoreJSON.xcodeproj/CoreJSONConvenienceTests_Info.plist;
				LD_RUNPATH_SEARCH_PATHS = "@loader_path/../Frameworks";
				OTHER_LDFLAGS = "$(inherited)";
				OTHER_SWIFT_FLAGS = "$(inherited)";
				SUPPORTED_PLATFORMS = macosx;
				SWIFT_ACTIVE_COMPILATION_CONDITIONS = SWIFT_PACKAGE;
				SWIFT_VERSION = 3.0;
				TARGET_NAME = CoreJSONConvenienceTests;
			};
			name = Release;
		};
		OBJ_114 /* Debug */ = {
			isa = XCBuildConfiguration;
			buildSettings = {
				EMBEDDED_CONTENT_CONTAINS_SWIFT = YES;
				FRAMEWORK_SEARCH_PATHS = "$(PLATFORM_DIR)/Developer/Library/Frameworks";
				HEADER_SEARCH_PATHS = "";
				INFOPLIST_FILE = CoreJSON.xcodeproj/CoreJSONFoundationTests_Info.plist;
				LD_RUNPATH_SEARCH_PATHS = "@loader_path/../Frameworks";
				OTHER_LDFLAGS = "$(inherited)";
				OTHER_SWIFT_FLAGS = "$(inherited)";
				SUPPORTED_PLATFORMS = macosx;
				SWIFT_ACTIVE_COMPILATION_CONDITIONS = SWIFT_PACKAGE;
				SWIFT_VERSION = 3.0;
				TARGET_NAME = CoreJSONFoundationTests;
			};
			name = Debug;
		};
		OBJ_115 /* Release */ = {
			isa = XCBuildConfiguration;
			buildSettings = {
				EMBEDDED_CONTENT_CONTAINS_SWIFT = YES;
				FRAMEWORK_SEARCH_PATHS = "$(PLATFORM_DIR)/Developer/Library/Frameworks";
				HEADER_SEARCH_PATHS = "";
				INFOPLIST_FILE = CoreJSON.xcodeproj/CoreJSONFoundationTests_Info.plist;
				LD_RUNPATH_SEARCH_PATHS = "@loader_path/../Frameworks";
				OTHER_LDFLAGS = "$(inherited)";
				OTHER_SWIFT_FLAGS = "$(inherited)";
				SUPPORTED_PLATFORMS = macosx;
				SWIFT_ACTIVE_COMPILATION_CONDITIONS = SWIFT_PACKAGE;
				SWIFT_VERSION = 3.0;
				TARGET_NAME = CoreJSONFoundationTests;
			};
			name = Release;
		};
		OBJ_126 /* Debug */ = {
			isa = XCBuildConfiguration;
			buildSettings = {
				EMBEDDED_CONTENT_CONTAINS_SWIFT = YES;
				FRAMEWORK_SEARCH_PATHS = "$(PLATFORM_DIR)/Developer/Library/Frameworks";
				HEADER_SEARCH_PATHS = "";
				INFOPLIST_FILE = CoreJSON.xcodeproj/CoreJSONLiteralsTests_Info.plist;
				LD_RUNPATH_SEARCH_PATHS = "@loader_path/../Frameworks";
				OTHER_LDFLAGS = "$(inherited)";
				OTHER_SWIFT_FLAGS = "$(inherited)";
				SUPPORTED_PLATFORMS = macosx;
				SWIFT_ACTIVE_COMPILATION_CONDITIONS = SWIFT_PACKAGE;
				SWIFT_VERSION = 3.0;
				TARGET_NAME = CoreJSONLiteralsTests;
			};
			name = Debug;
		};
		OBJ_127 /* Release */ = {
			isa = XCBuildConfiguration;
			buildSettings = {
				EMBEDDED_CONTENT_CONTAINS_SWIFT = YES;
				FRAMEWORK_SEARCH_PATHS = "$(PLATFORM_DIR)/Developer/Library/Frameworks";
				HEADER_SEARCH_PATHS = "";
				INFOPLIST_FILE = CoreJSON.xcodeproj/CoreJSONLiteralsTests_Info.plist;
				LD_RUNPATH_SEARCH_PATHS = "@loader_path/../Frameworks";
				OTHER_LDFLAGS = "$(inherited)";
				OTHER_SWIFT_FLAGS = "$(inherited)";
				SUPPORTED_PLATFORMS = macosx;
				SWIFT_ACTIVE_COMPILATION_CONDITIONS = SWIFT_PACKAGE;
				SWIFT_VERSION = 3.0;
				TARGET_NAME = CoreJSONLiteralsTests;
			};
			name = Release;
		};
		OBJ_137 /* Debug */ = {
			isa = XCBuildConfiguration;
			buildSettings = {
				EMBEDDED_CONTENT_CONTAINS_SWIFT = YES;
				FRAMEWORK_SEARCH_PATHS = "$(PLATFORM_DIR)/Developer/Library/Frameworks";
				HEADER_SEARCH_PATHS = "";
				INFOPLIST_FILE = CoreJSON.xcodeproj/CoreJSONPointerTests_Info.plist;
				LD_RUNPATH_SEARCH_PATHS = "@loader_path/../Frameworks";
				OTHER_LDFLAGS = "$(inherited)";
				OTHER_SWIFT_FLAGS = "$(inherited)";
				SUPPORTED_PLATFORMS = macosx;
				SWIFT_ACTIVE_COMPILATION_CONDITIONS = SWIFT_PACKAGE;
				SWIFT_VERSION = 3.0;
				TARGET_NAME = CoreJSONPointerTests;
			};
			name = Debug;
		};
		OBJ_138 /* Release */ = {
			isa = XCBuildConfiguration;
			buildSettings = {
				EMBEDDED_CONTENT_CONTAINS_SWIFT = YES;
				FRAMEWORK_SEARCH_PATHS = "$(PLATFORM_DIR)/Developer/Library/Frameworks";
				HEADER_SEARCH_PATHS = "";
				INFOPLIST_FILE = CoreJSON.xcodeproj/CoreJSONPointerTests_Info.plist;
				LD_RUNPATH_SEARCH_PATHS = "@loader_path/../Frameworks";
				OTHER_LDFLAGS = "$(inherited)";
				OTHER_SWIFT_FLAGS = "$(inherited)";
				SUPPORTED_PLATFORMS = macosx;
				SWIFT_ACTIVE_COMPILATION_CONDITIONS = SWIFT_PACKAGE;
				SWIFT_VERSION = 3.0;
				TARGET_NAME = CoreJSONPointerTests;
			};
			name = Release;
		};
		OBJ_148 /* Debug */ = {
			isa = XCBuildConfiguration;
			buildSettings = {
				EMBEDDED_CONTENT_CONTAINS_SWIFT = YES;
				FRAMEWORK_SEARCH_PATHS = "$(PLATFORM_DIR)/Developer/Library/Frameworks";
				HEADER_SEARCH_PATHS = "";
				INFOPLIST_FILE = CoreJSON.xcodeproj/CoreJSONSubscriptTests_Info.plist;
				LD_RUNPATH_SEARCH_PATHS = "@loader_path/../Frameworks";
				OTHER_LDFLAGS = "$(inherited)";
				OTHER_SWIFT_FLAGS = "$(inherited)";
				SUPPORTED_PLATFORMS = macosx;
				SWIFT_ACTIVE_COMPILATION_CONDITIONS = SWIFT_PACKAGE;
				SWIFT_VERSION = 3.0;
				TARGET_NAME = CoreJSONSubscriptTests;
			};
			name = Debug;
		};
		OBJ_149 /* Release */ = {
			isa = XCBuildConfiguration;
			buildSettings = {
				EMBEDDED_CONTENT_CONTAINS_SWIFT = YES;
				FRAMEWORK_SEARCH_PATHS = "$(PLATFORM_DIR)/Developer/Library/Frameworks";
				HEADER_SEARCH_PATHS = "";
				INFOPLIST_FILE = CoreJSON.xcodeproj/CoreJSONSubscriptTests_Info.plist;
				LD_RUNPATH_SEARCH_PATHS = "@loader_path/../Frameworks";
				OTHER_LDFLAGS = "$(inherited)";
				OTHER_SWIFT_FLAGS = "$(inherited)";
				SUPPORTED_PLATFORMS = macosx;
				SWIFT_ACTIVE_COMPILATION_CONDITIONS = SWIFT_PACKAGE;
				SWIFT_VERSION = 3.0;
				TARGET_NAME = CoreJSONSubscriptTests;
			};
			name = Release;
		};
		OBJ_159 /* Debug */ = {
			isa = XCBuildConfiguration;
			buildSettings = {
				EMBEDDED_CONTENT_CONTAINS_SWIFT = YES;
				FRAMEWORK_SEARCH_PATHS = "$(PLATFORM_DIR)/Developer/Library/Frameworks";
				HEADER_SEARCH_PATHS = "";
				INFOPLIST_FILE = CoreJSON.xcodeproj/CoreJSONTests_Info.plist;
				LD_RUNPATH_SEARCH_PATHS = "@loader_path/../Frameworks";
				OTHER_LDFLAGS = "$(inherited)";
				OTHER_SWIFT_FLAGS = "$(inherited)";
				SUPPORTED_PLATFORMS = macosx;
				SWIFT_ACTIVE_COMPILATION_CONDITIONS = SWIFT_PACKAGE;
				SWIFT_VERSION = 3.0;
				TARGET_NAME = CoreJSONTests;
			};
			name = Debug;
		};
		OBJ_160 /* Release */ = {
			isa = XCBuildConfiguration;
			buildSettings = {
				EMBEDDED_CONTENT_CONTAINS_SWIFT = YES;
				FRAMEWORK_SEARCH_PATHS = "$(PLATFORM_DIR)/Developer/Library/Frameworks";
				HEADER_SEARCH_PATHS = "";
				INFOPLIST_FILE = CoreJSON.xcodeproj/CoreJSONTests_Info.plist;
				LD_RUNPATH_SEARCH_PATHS = "@loader_path/../Frameworks";
				OTHER_LDFLAGS = "$(inherited)";
				OTHER_SWIFT_FLAGS = "$(inherited)";
				SUPPORTED_PLATFORMS = macosx;
				SWIFT_ACTIVE_COMPILATION_CONDITIONS = SWIFT_PACKAGE;
				SWIFT_VERSION = 3.0;
				TARGET_NAME = CoreJSONTests;
			};
			name = Release;
		};
		OBJ_3 /* Debug */ = {
			isa = XCBuildConfiguration;
			buildSettings = {
				COMBINE_HIDPI_IMAGES = YES;
				COPY_PHASE_STRIP = NO;
				DEBUG_INFORMATION_FORMAT = dwarf;
				DYLIB_INSTALL_NAME_BASE = "@rpath";
				ENABLE_NS_ASSERTIONS = YES;
				GCC_OPTIMIZATION_LEVEL = 0;
				MACOSX_DEPLOYMENT_TARGET = 10.10;
				ONLY_ACTIVE_ARCH = YES;
				OTHER_SWIFT_FLAGS = "-DXcode";
				PRODUCT_NAME = "$(TARGET_NAME)";
				SUPPORTED_PLATFORMS = "macosx iphoneos iphonesimulator appletvos appletvsimulator watchos watchsimulator";
				SWIFT_OPTIMIZATION_LEVEL = "-Onone";
				USE_HEADERMAP = NO;
			};
			name = Debug;
		};
		OBJ_4 /* Release */ = {
			isa = XCBuildConfiguration;
			buildSettings = {
				COMBINE_HIDPI_IMAGES = YES;
				COPY_PHASE_STRIP = YES;
				DEBUG_INFORMATION_FORMAT = "dwarf-with-dsym";
				DYLIB_INSTALL_NAME_BASE = "@rpath";
				GCC_OPTIMIZATION_LEVEL = s;
				MACOSX_DEPLOYMENT_TARGET = 10.10;
				OTHER_SWIFT_FLAGS = "-DXcode";
				PRODUCT_NAME = "$(TARGET_NAME)";
				SUPPORTED_PLATFORMS = "macosx iphoneos iphonesimulator appletvos appletvsimulator watchos watchsimulator";
				SWIFT_OPTIMIZATION_LEVEL = "-O";
				USE_HEADERMAP = NO;
			};
			name = Release;
		};
		OBJ_50 /* Debug */ = {
			isa = XCBuildConfiguration;
			buildSettings = {
				ENABLE_TESTABILITY = YES;
				FRAMEWORK_SEARCH_PATHS = "$(PLATFORM_DIR)/Developer/Library/Frameworks";
				HEADER_SEARCH_PATHS = "";
				INFOPLIST_FILE = CoreJSON.xcodeproj/CoreJSON_Info.plist;
				LD_RUNPATH_SEARCH_PATHS = "$(TOOLCHAIN_DIR)/usr/lib/swift/macosx";
				OTHER_LDFLAGS = "$(inherited)";
				OTHER_SWIFT_FLAGS = "$(inherited)";
				PRODUCT_BUNDLE_IDENTIFIER = CoreJSON;
				PRODUCT_MODULE_NAME = "$(TARGET_NAME:c99extidentifier)";
				PRODUCT_NAME = "$(TARGET_NAME:c99extidentifier)";
				SUPPORTED_PLATFORMS = macosx;
				SWIFT_ACTIVE_COMPILATION_CONDITIONS = SWIFT_PACKAGE;
				SWIFT_VERSION = 3.0;
				TARGET_NAME = CoreJSON;
			};
			name = Debug;
		};
		OBJ_51 /* Release */ = {
			isa = XCBuildConfiguration;
			buildSettings = {
				ENABLE_TESTABILITY = YES;
				FRAMEWORK_SEARCH_PATHS = "$(PLATFORM_DIR)/Developer/Library/Frameworks";
				HEADER_SEARCH_PATHS = "";
				INFOPLIST_FILE = CoreJSON.xcodeproj/CoreJSON_Info.plist;
				LD_RUNPATH_SEARCH_PATHS = "$(TOOLCHAIN_DIR)/usr/lib/swift/macosx";
				OTHER_LDFLAGS = "$(inherited)";
				OTHER_SWIFT_FLAGS = "$(inherited)";
				PRODUCT_BUNDLE_IDENTIFIER = CoreJSON;
				PRODUCT_MODULE_NAME = "$(TARGET_NAME:c99extidentifier)";
				PRODUCT_NAME = "$(TARGET_NAME:c99extidentifier)";
				SUPPORTED_PLATFORMS = macosx;
				SWIFT_ACTIVE_COMPILATION_CONDITIONS = SWIFT_PACKAGE;
				SWIFT_VERSION = 3.0;
				TARGET_NAME = CoreJSON;
			};
			name = Release;
		};
		OBJ_57 /* Debug */ = {
			isa = XCBuildConfiguration;
			buildSettings = {
				ENABLE_TESTABILITY = YES;
				FRAMEWORK_SEARCH_PATHS = "$(PLATFORM_DIR)/Developer/Library/Frameworks";
				HEADER_SEARCH_PATHS = "";
				INFOPLIST_FILE = CoreJSON.xcodeproj/CoreJSONConvenience_Info.plist;
				LD_RUNPATH_SEARCH_PATHS = "$(TOOLCHAIN_DIR)/usr/lib/swift/macosx";
				OTHER_LDFLAGS = "$(inherited)";
				OTHER_SWIFT_FLAGS = "$(inherited)";
				PRODUCT_BUNDLE_IDENTIFIER = CoreJSONConvenience;
				PRODUCT_MODULE_NAME = "$(TARGET_NAME:c99extidentifier)";
				PRODUCT_NAME = "$(TARGET_NAME:c99extidentifier)";
				SUPPORTED_PLATFORMS = macosx;
				SWIFT_ACTIVE_COMPILATION_CONDITIONS = SWIFT_PACKAGE;
				SWIFT_VERSION = 3.0;
				TARGET_NAME = CoreJSONConvenience;
			};
			name = Debug;
		};
		OBJ_58 /* Release */ = {
			isa = XCBuildConfiguration;
			buildSettings = {
				ENABLE_TESTABILITY = YES;
				FRAMEWORK_SEARCH_PATHS = "$(PLATFORM_DIR)/Developer/Library/Frameworks";
				HEADER_SEARCH_PATHS = "";
				INFOPLIST_FILE = CoreJSON.xcodeproj/CoreJSONConvenience_Info.plist;
				LD_RUNPATH_SEARCH_PATHS = "$(TOOLCHAIN_DIR)/usr/lib/swift/macosx";
				OTHER_LDFLAGS = "$(inherited)";
				OTHER_SWIFT_FLAGS = "$(inherited)";
				PRODUCT_BUNDLE_IDENTIFIER = CoreJSONConvenience;
				PRODUCT_MODULE_NAME = "$(TARGET_NAME:c99extidentifier)";
				PRODUCT_NAME = "$(TARGET_NAME:c99extidentifier)";
				SUPPORTED_PLATFORMS = macosx;
				SWIFT_ACTIVE_COMPILATION_CONDITIONS = SWIFT_PACKAGE;
				SWIFT_VERSION = 3.0;
				TARGET_NAME = CoreJSONConvenience;
			};
			name = Release;
		};
		OBJ_66 /* Debug */ = {
			isa = XCBuildConfiguration;
			buildSettings = {
				ENABLE_TESTABILITY = YES;
				FRAMEWORK_SEARCH_PATHS = "$(PLATFORM_DIR)/Developer/Library/Frameworks";
				HEADER_SEARCH_PATHS = "";
				INFOPLIST_FILE = CoreJSON.xcodeproj/CoreJSONFoundation_Info.plist;
				LD_RUNPATH_SEARCH_PATHS = "$(TOOLCHAIN_DIR)/usr/lib/swift/macosx";
				OTHER_LDFLAGS = "$(inherited)";
				OTHER_SWIFT_FLAGS = "$(inherited)";
				PRODUCT_BUNDLE_IDENTIFIER = CoreJSONFoundation;
				PRODUCT_MODULE_NAME = "$(TARGET_NAME:c99extidentifier)";
				PRODUCT_NAME = "$(TARGET_NAME:c99extidentifier)";
				SUPPORTED_PLATFORMS = macosx;
				SWIFT_ACTIVE_COMPILATION_CONDITIONS = SWIFT_PACKAGE;
				SWIFT_VERSION = 3.0;
				TARGET_NAME = CoreJSONFoundation;
			};
			name = Debug;
		};
		OBJ_67 /* Release */ = {
			isa = XCBuildConfiguration;
			buildSettings = {
				ENABLE_TESTABILITY = YES;
				FRAMEWORK_SEARCH_PATHS = "$(PLATFORM_DIR)/Developer/Library/Frameworks";
				HEADER_SEARCH_PATHS = "";
				INFOPLIST_FILE = CoreJSON.xcodeproj/CoreJSONFoundation_Info.plist;
				LD_RUNPATH_SEARCH_PATHS = "$(TOOLCHAIN_DIR)/usr/lib/swift/macosx";
				OTHER_LDFLAGS = "$(inherited)";
				OTHER_SWIFT_FLAGS = "$(inherited)";
				PRODUCT_BUNDLE_IDENTIFIER = CoreJSONFoundation;
				PRODUCT_MODULE_NAME = "$(TARGET_NAME:c99extidentifier)";
				PRODUCT_NAME = "$(TARGET_NAME:c99extidentifier)";
				SUPPORTED_PLATFORMS = macosx;
				SWIFT_ACTIVE_COMPILATION_CONDITIONS = SWIFT_PACKAGE;
				SWIFT_VERSION = 3.0;
				TARGET_NAME = CoreJSONFoundation;
			};
			name = Release;
		};
		OBJ_76 /* Debug */ = {
			isa = XCBuildConfiguration;
			buildSettings = {
				ENABLE_TESTABILITY = YES;
				FRAMEWORK_SEARCH_PATHS = "$(PLATFORM_DIR)/Developer/Library/Frameworks";
				HEADER_SEARCH_PATHS = "";
				INFOPLIST_FILE = CoreJSON.xcodeproj/CoreJSONLiterals_Info.plist;
				LD_RUNPATH_SEARCH_PATHS = "$(TOOLCHAIN_DIR)/usr/lib/swift/macosx";
				OTHER_LDFLAGS = "$(inherited)";
				OTHER_SWIFT_FLAGS = "$(inherited)";
				PRODUCT_BUNDLE_IDENTIFIER = CoreJSONLiterals;
				PRODUCT_MODULE_NAME = "$(TARGET_NAME:c99extidentifier)";
				PRODUCT_NAME = "$(TARGET_NAME:c99extidentifier)";
				SUPPORTED_PLATFORMS = macosx;
				SWIFT_ACTIVE_COMPILATION_CONDITIONS = SWIFT_PACKAGE;
				SWIFT_VERSION = 3.0;
				TARGET_NAME = CoreJSONLiterals;
			};
			name = Debug;
		};
		OBJ_77 /* Release */ = {
			isa = XCBuildConfiguration;
			buildSettings = {
				ENABLE_TESTABILITY = YES;
				FRAMEWORK_SEARCH_PATHS = "$(PLATFORM_DIR)/Developer/Library/Frameworks";
				HEADER_SEARCH_PATHS = "";
				INFOPLIST_FILE = CoreJSON.xcodeproj/CoreJSONLiterals_Info.plist;
				LD_RUNPATH_SEARCH_PATHS = "$(TOOLCHAIN_DIR)/usr/lib/swift/macosx";
				OTHER_LDFLAGS = "$(inherited)";
				OTHER_SWIFT_FLAGS = "$(inherited)";
				PRODUCT_BUNDLE_IDENTIFIER = CoreJSONLiterals;
				PRODUCT_MODULE_NAME = "$(TARGET_NAME:c99extidentifier)";
				PRODUCT_NAME = "$(TARGET_NAME:c99extidentifier)";
				SUPPORTED_PLATFORMS = macosx;
				SWIFT_ACTIVE_COMPILATION_CONDITIONS = SWIFT_PACKAGE;
				SWIFT_VERSION = 3.0;
				TARGET_NAME = CoreJSONLiterals;
			};
			name = Release;
		};
		OBJ_85 /* Debug */ = {
			isa = XCBuildConfiguration;
			buildSettings = {
				ENABLE_TESTABILITY = YES;
				FRAMEWORK_SEARCH_PATHS = "$(PLATFORM_DIR)/Developer/Library/Frameworks";
				HEADER_SEARCH_PATHS = "";
				INFOPLIST_FILE = CoreJSON.xcodeproj/CoreJSONPointer_Info.plist;
				LD_RUNPATH_SEARCH_PATHS = "$(TOOLCHAIN_DIR)/usr/lib/swift/macosx";
				OTHER_LDFLAGS = "$(inherited)";
				OTHER_SWIFT_FLAGS = "$(inherited)";
				PRODUCT_BUNDLE_IDENTIFIER = CoreJSONPointer;
				PRODUCT_MODULE_NAME = "$(TARGET_NAME:c99extidentifier)";
				PRODUCT_NAME = "$(TARGET_NAME:c99extidentifier)";
				SUPPORTED_PLATFORMS = macosx;
				SWIFT_ACTIVE_COMPILATION_CONDITIONS = SWIFT_PACKAGE;
				SWIFT_VERSION = 3.0;
				TARGET_NAME = CoreJSONPointer;
			};
			name = Debug;
		};
		OBJ_86 /* Release */ = {
			isa = XCBuildConfiguration;
			buildSettings = {
				ENABLE_TESTABILITY = YES;
				FRAMEWORK_SEARCH_PATHS = "$(PLATFORM_DIR)/Developer/Library/Frameworks";
				HEADER_SEARCH_PATHS = "";
				INFOPLIST_FILE = CoreJSON.xcodeproj/CoreJSONPointer_Info.plist;
				LD_RUNPATH_SEARCH_PATHS = "$(TOOLCHAIN_DIR)/usr/lib/swift/macosx";
				OTHER_LDFLAGS = "$(inherited)";
				OTHER_SWIFT_FLAGS = "$(inherited)";
				PRODUCT_BUNDLE_IDENTIFIER = CoreJSONPointer;
				PRODUCT_MODULE_NAME = "$(TARGET_NAME:c99extidentifier)";
				PRODUCT_NAME = "$(TARGET_NAME:c99extidentifier)";
				SUPPORTED_PLATFORMS = macosx;
				SWIFT_ACTIVE_COMPILATION_CONDITIONS = SWIFT_PACKAGE;
				SWIFT_VERSION = 3.0;
				TARGET_NAME = CoreJSONPointer;
			};
			name = Release;
		};
		OBJ_94 /* Debug */ = {
			isa = XCBuildConfiguration;
			buildSettings = {
				ENABLE_TESTABILITY = YES;
				FRAMEWORK_SEARCH_PATHS = "$(PLATFORM_DIR)/Developer/Library/Frameworks";
				HEADER_SEARCH_PATHS = "";
				INFOPLIST_FILE = CoreJSON.xcodeproj/CoreJSONSubscript_Info.plist;
				LD_RUNPATH_SEARCH_PATHS = "$(TOOLCHAIN_DIR)/usr/lib/swift/macosx";
				OTHER_LDFLAGS = "$(inherited)";
				OTHER_SWIFT_FLAGS = "$(inherited)";
				PRODUCT_BUNDLE_IDENTIFIER = CoreJSONSubscript;
				PRODUCT_MODULE_NAME = "$(TARGET_NAME:c99extidentifier)";
				PRODUCT_NAME = "$(TARGET_NAME:c99extidentifier)";
				SUPPORTED_PLATFORMS = macosx;
				SWIFT_ACTIVE_COMPILATION_CONDITIONS = SWIFT_PACKAGE;
				SWIFT_VERSION = 3.0;
				TARGET_NAME = CoreJSONSubscript;
			};
			name = Debug;
		};
		OBJ_95 /* Release */ = {
			isa = XCBuildConfiguration;
			buildSettings = {
				ENABLE_TESTABILITY = YES;
				FRAMEWORK_SEARCH_PATHS = "$(PLATFORM_DIR)/Developer/Library/Frameworks";
				HEADER_SEARCH_PATHS = "";
				INFOPLIST_FILE = CoreJSON.xcodeproj/CoreJSONSubscript_Info.plist;
				LD_RUNPATH_SEARCH_PATHS = "$(TOOLCHAIN_DIR)/usr/lib/swift/macosx";
				OTHER_LDFLAGS = "$(inherited)";
				OTHER_SWIFT_FLAGS = "$(inherited)";
				PRODUCT_BUNDLE_IDENTIFIER = CoreJSONSubscript;
				PRODUCT_MODULE_NAME = "$(TARGET_NAME:c99extidentifier)";
				PRODUCT_NAME = "$(TARGET_NAME:c99extidentifier)";
				SUPPORTED_PLATFORMS = macosx;
				SWIFT_ACTIVE_COMPILATION_CONDITIONS = SWIFT_PACKAGE;
				SWIFT_VERSION = 3.0;
				TARGET_NAME = CoreJSONSubscript;
			};
			name = Release;
		};
/* End XCBuildConfiguration section */

/* Begin XCConfigurationList section */
		OBJ_102 /* Build configuration list for PBXNativeTarget "CoreJSONConvenienceTests" */ = {
			isa = XCConfigurationList;
			buildConfigurations = (
				OBJ_103 /* Debug */,
				OBJ_104 /* Release */,
			);
			defaultConfigurationIsVisible = 0;
			defaultConfigurationName = Debug;
		};
		OBJ_113 /* Build configuration list for PBXNativeTarget "CoreJSONFoundationTests" */ = {
			isa = XCConfigurationList;
			buildConfigurations = (
				OBJ_114 /* Debug */,
				OBJ_115 /* Release */,
			);
			defaultConfigurationIsVisible = 0;
			defaultConfigurationName = Debug;
		};
		OBJ_125 /* Build configuration list for PBXNativeTarget "CoreJSONLiteralsTests" */ = {
			isa = XCConfigurationList;
			buildConfigurations = (
				OBJ_126 /* Debug */,
				OBJ_127 /* Release */,
			);
			defaultConfigurationIsVisible = 0;
			defaultConfigurationName = Debug;
		};
		OBJ_136 /* Build configuration list for PBXNativeTarget "CoreJSONPointerTests" */ = {
			isa = XCConfigurationList;
			buildConfigurations = (
				OBJ_137 /* Debug */,
				OBJ_138 /* Release */,
			);
			defaultConfigurationIsVisible = 0;
			defaultConfigurationName = Debug;
		};
		OBJ_147 /* Build configuration list for PBXNativeTarget "CoreJSONSubscriptTests" */ = {
			isa = XCConfigurationList;
			buildConfigurations = (
				OBJ_148 /* Debug */,
				OBJ_149 /* Release */,
			);
			defaultConfigurationIsVisible = 0;
			defaultConfigurationName = Debug;
		};
		OBJ_158 /* Build configuration list for PBXNativeTarget "CoreJSONTests" */ = {
			isa = XCConfigurationList;
			buildConfigurations = (
				OBJ_159 /* Debug */,
				OBJ_160 /* Release */,
			);
			defaultConfigurationIsVisible = 0;
			defaultConfigurationName = Debug;
		};
		OBJ_2 /* Build configuration list for PBXProject "CoreJSON" */ = {
			isa = XCConfigurationList;
			buildConfigurations = (
				OBJ_3 /* Debug */,
				OBJ_4 /* Release */,
			);
			defaultConfigurationIsVisible = 0;
			defaultConfigurationName = Debug;
		};
		OBJ_49 /* Build configuration list for PBXNativeTarget "CoreJSON" */ = {
			isa = XCConfigurationList;
			buildConfigurations = (
				OBJ_50 /* Debug */,
				OBJ_51 /* Release */,
			);
			defaultConfigurationIsVisible = 0;
			defaultConfigurationName = Debug;
		};
		OBJ_56 /* Build configuration list for PBXNativeTarget "CoreJSONConvenience" */ = {
			isa = XCConfigurationList;
			buildConfigurations = (
				OBJ_57 /* Debug */,
				OBJ_58 /* Release */,
			);
			defaultConfigurationIsVisible = 0;
			defaultConfigurationName = Debug;
		};
		OBJ_65 /* Build configuration list for PBXNativeTarget "CoreJSONFoundation" */ = {
			isa = XCConfigurationList;
			buildConfigurations = (
				OBJ_66 /* Debug */,
				OBJ_67 /* Release */,
			);
			defaultConfigurationIsVisible = 0;
			defaultConfigurationName = Debug;
		};
		OBJ_75 /* Build configuration list for PBXNativeTarget "CoreJSONLiterals" */ = {
			isa = XCConfigurationList;
			buildConfigurations = (
				OBJ_76 /* Debug */,
				OBJ_77 /* Release */,
			);
			defaultConfigurationIsVisible = 0;
			defaultConfigurationName = Debug;
		};
		OBJ_84 /* Build configuration list for PBXNativeTarget "CoreJSONPointer" */ = {
			isa = XCConfigurationList;
			buildConfigurations = (
				OBJ_85 /* Debug */,
				OBJ_86 /* Release */,
			);
			defaultConfigurationIsVisible = 0;
			defaultConfigurationName = Debug;
		};
		OBJ_93 /* Build configuration list for PBXNativeTarget "CoreJSONSubscript" */ = {
			isa = XCConfigurationList;
			buildConfigurations = (
				OBJ_94 /* Debug */,
				OBJ_95 /* Release */,
			);
			defaultConfigurationIsVisible = 0;
			defaultConfigurationName = Debug;
		};
/* End XCConfigurationList section */
	};
	rootObject = OBJ_1 /* Project object */;
}
