// !$*UTF8*$!
{
   archiveVersion = "1";
   objectVersion = "46";
   objects = {
      "CoreJSON::CoreJSON" = {
         isa = "PBXNativeTarget";
         buildConfigurationList = "OBJ_60";
         buildPhases = (
            "OBJ_63",
            "OBJ_65"
         );
         dependencies = (
         );
         name = "CoreJSON";
         productName = "CoreJSON";
         productReference = "CoreJSON::CoreJSON::Product";
         productType = "com.apple.product-type.framework";
      };
      "CoreJSON::CoreJSON::Product" = {
         isa = "PBXFileReference";
         path = "CoreJSON.framework";
         sourceTree = "BUILT_PRODUCTS_DIR";
      };
      "CoreJSON::CoreJSONConvenience" = {
         isa = "PBXNativeTarget";
         buildConfigurationList = "OBJ_67";
         buildPhases = (
            "OBJ_70",
            "OBJ_72"
         );
         dependencies = (
            "OBJ_74"
         );
         name = "CoreJSONConvenience";
         productName = "CoreJSONConvenience";
         productReference = "CoreJSON::CoreJSONConvenience::Product";
         productType = "com.apple.product-type.framework";
      };
      "CoreJSON::CoreJSONConvenience::Product" = {
         isa = "PBXFileReference";
         path = "CoreJSONConvenience.framework";
         sourceTree = "BUILT_PRODUCTS_DIR";
      };
      "CoreJSON::CoreJSONConvenienceTests" = {
         isa = "PBXNativeTarget";
         buildConfigurationList = "OBJ_76";
         buildPhases = (
            "OBJ_79",
            "OBJ_82"
         );
         dependencies = (
            "OBJ_85",
            "OBJ_86"
         );
         name = "CoreJSONConvenienceTests";
         productName = "CoreJSONConvenienceTests";
         productReference = "CoreJSON::CoreJSONConvenienceTests::Product";
         productType = "com.apple.product-type.bundle.unit-test";
      };
      "CoreJSON::CoreJSONConvenienceTests::Product" = {
         isa = "PBXFileReference";
         path = "CoreJSONConvenienceTests.xctest";
         sourceTree = "BUILT_PRODUCTS_DIR";
      };
      "CoreJSON::CoreJSONFoundation" = {
         isa = "PBXNativeTarget";
         buildConfigurationList = "OBJ_88";
         buildPhases = (
            "OBJ_91",
            "OBJ_94"
         );
         dependencies = (
            "OBJ_96"
         );
         name = "CoreJSONFoundation";
         productName = "CoreJSONFoundation";
         productReference = "CoreJSON::CoreJSONFoundation::Product";
         productType = "com.apple.product-type.framework";
      };
      "CoreJSON::CoreJSONFoundation::Product" = {
         isa = "PBXFileReference";
         path = "CoreJSONFoundation.framework";
         sourceTree = "BUILT_PRODUCTS_DIR";
      };
      "CoreJSON::CoreJSONFoundationTests" = {
         isa = "PBXNativeTarget";
         buildConfigurationList = "OBJ_98";
         buildPhases = (
            "OBJ_101",
            "OBJ_105"
         );
         dependencies = (
            "OBJ_108",
            "OBJ_109"
         );
         name = "CoreJSONFoundationTests";
         productName = "CoreJSONFoundationTests";
         productReference = "CoreJSON::CoreJSONFoundationTests::Product";
         productType = "com.apple.product-type.bundle.unit-test";
      };
      "CoreJSON::CoreJSONFoundationTests::Product" = {
         isa = "PBXFileReference";
         path = "CoreJSONFoundationTests.xctest";
         sourceTree = "BUILT_PRODUCTS_DIR";
      };
      "CoreJSON::CoreJSONLiterals" = {
         isa = "PBXNativeTarget";
         buildConfigurationList = "OBJ_111";
         buildPhases = (
            "OBJ_114",
            "OBJ_116"
         );
         dependencies = (
            "OBJ_118"
         );
         name = "CoreJSONLiterals";
         productName = "CoreJSONLiterals";
         productReference = "CoreJSON::CoreJSONLiterals::Product";
         productType = "com.apple.product-type.framework";
      };
      "CoreJSON::CoreJSONLiterals::Product" = {
         isa = "PBXFileReference";
         path = "CoreJSONLiterals.framework";
         sourceTree = "BUILT_PRODUCTS_DIR";
      };
      "CoreJSON::CoreJSONLiteralsTests" = {
         isa = "PBXNativeTarget";
         buildConfigurationList = "OBJ_120";
         buildPhases = (
            "OBJ_123",
            "OBJ_126"
         );
         dependencies = (
            "OBJ_129",
            "OBJ_130"
         );
         name = "CoreJSONLiteralsTests";
         productName = "CoreJSONLiteralsTests";
         productReference = "CoreJSON::CoreJSONLiteralsTests::Product";
         productType = "com.apple.product-type.bundle.unit-test";
      };
      "CoreJSON::CoreJSONLiteralsTests::Product" = {
         isa = "PBXFileReference";
         path = "CoreJSONLiteralsTests.xctest";
         sourceTree = "BUILT_PRODUCTS_DIR";
      };
      "CoreJSON::CoreJSONPackageTests::ProductTarget" = {
         isa = "PBXAggregateTarget";
         buildConfigurationList = "OBJ_138";
         buildPhases = (
         );
         dependencies = (
            "OBJ_141",
            "OBJ_143",
            "OBJ_145",
            "OBJ_147",
            "OBJ_148",
            "OBJ_149"
         );
         name = "CoreJSONPackageTests";
         productName = "CoreJSONPackageTests";
      };
      "CoreJSON::CoreJSONPointer" = {
         isa = "PBXNativeTarget";
         buildConfigurationList = "OBJ_151";
         buildPhases = (
            "OBJ_154",
            "OBJ_156"
         );
         dependencies = (
            "OBJ_158"
         );
         name = "CoreJSONPointer";
         productName = "CoreJSONPointer";
         productReference = "CoreJSON::CoreJSONPointer::Product";
         productType = "com.apple.product-type.framework";
      };
      "CoreJSON::CoreJSONPointer::Product" = {
         isa = "PBXFileReference";
         path = "CoreJSONPointer.framework";
         sourceTree = "BUILT_PRODUCTS_DIR";
      };
      "CoreJSON::CoreJSONPointerTests" = {
         isa = "PBXNativeTarget";
         buildConfigurationList = "OBJ_159";
         buildPhases = (
            "OBJ_162",
            "OBJ_165"
         );
         dependencies = (
            "OBJ_168",
            "OBJ_169"
         );
         name = "CoreJSONPointerTests";
         productName = "CoreJSONPointerTests";
         productReference = "CoreJSON::CoreJSONPointerTests::Product";
         productType = "com.apple.product-type.bundle.unit-test";
      };
      "CoreJSON::CoreJSONPointerTests::Product" = {
         isa = "PBXFileReference";
         path = "CoreJSONPointerTests.xctest";
         sourceTree = "BUILT_PRODUCTS_DIR";
      };
      "CoreJSON::CoreJSONSubscript" = {
         isa = "PBXNativeTarget";
         buildConfigurationList = "OBJ_171";
         buildPhases = (
            "OBJ_174",
            "OBJ_176"
         );
         dependencies = (
            "OBJ_178"
         );
         name = "CoreJSONSubscript";
         productName = "CoreJSONSubscript";
         productReference = "CoreJSON::CoreJSONSubscript::Product";
         productType = "com.apple.product-type.framework";
      };
      "CoreJSON::CoreJSONSubscript::Product" = {
         isa = "PBXFileReference";
         path = "CoreJSONSubscript.framework";
         sourceTree = "BUILT_PRODUCTS_DIR";
      };
      "CoreJSON::CoreJSONSubscriptTests" = {
         isa = "PBXNativeTarget";
         buildConfigurationList = "OBJ_179";
         buildPhases = (
            "OBJ_182",
            "OBJ_185"
         );
         dependencies = (
            "OBJ_190",
            "OBJ_191",
            "OBJ_192",
            "OBJ_193"
         );
         name = "CoreJSONSubscriptTests";
         productName = "CoreJSONSubscriptTests";
         productReference = "CoreJSON::CoreJSONSubscriptTests::Product";
         productType = "com.apple.product-type.bundle.unit-test";
      };
      "CoreJSON::CoreJSONSubscriptTests::Product" = {
         isa = "PBXFileReference";
         path = "CoreJSONSubscriptTests.xctest";
         sourceTree = "BUILT_PRODUCTS_DIR";
      };
      "CoreJSON::CoreJSONTests" = {
         isa = "PBXNativeTarget";
         buildConfigurationList = "OBJ_194";
         buildPhases = (
            "OBJ_197",
            "OBJ_200"
         );
         dependencies = (
            "OBJ_202"
         );
         name = "CoreJSONTests";
         productName = "CoreJSONTests";
         productReference = "CoreJSON::CoreJSONTests::Product";
         productType = "com.apple.product-type.bundle.unit-test";
      };
      "CoreJSON::CoreJSONTests::Product" = {
         isa = "PBXFileReference";
         path = "CoreJSONTests.xctest";
         sourceTree = "BUILT_PRODUCTS_DIR";
      };
      "CoreJSON::SwiftPMPackageDescription" = {
         isa = "PBXNativeTarget";
         buildConfigurationList = "OBJ_132";
         buildPhases = (
            "OBJ_135"
         );
         dependencies = (
         );
         name = "CoreJSONPackageDescription";
         productName = "CoreJSONPackageDescription";
         productType = "com.apple.product-type.framework";
      };
      "OBJ_1" = {
         isa = "PBXProject";
         attributes = {
            LastSwiftMigration = "9999";
            LastUpgradeCheck = "9999";
         };
         buildConfigurationList = "OBJ_2";
         compatibilityVersion = "Xcode 3.2";
         developmentRegion = "en";
         hasScannedForEncodings = "0";
         knownRegions = (
            "en"
         );
         mainGroup = "OBJ_5";
         productRefGroup = "OBJ_41";
         projectDirPath = ".";
         targets = (
            "CoreJSON::CoreJSON",
            "CoreJSON::CoreJSONConvenience",
            "CoreJSON::CoreJSONConvenienceTests",
            "CoreJSON::CoreJSONFoundation",
            "CoreJSON::CoreJSONFoundationTests",
            "CoreJSON::CoreJSONLiterals",
            "CoreJSON::CoreJSONLiteralsTests",
            "CoreJSON::SwiftPMPackageDescription",
            "CoreJSON::CoreJSONPackageTests::ProductTarget",
            "CoreJSON::CoreJSONPointer",
            "CoreJSON::CoreJSONPointerTests",
            "CoreJSON::CoreJSONSubscript",
            "CoreJSON::CoreJSONSubscriptTests",
            "CoreJSON::CoreJSONTests"
         );
      };
      "OBJ_10" = {
         isa = "PBXGroup";
         children = (
            "OBJ_11"
         );
         name = "CoreJSONConvenience";
         path = "Sources/CoreJSONConvenience";
         sourceTree = "SOURCE_ROOT";
      };
      "OBJ_100" = {
         isa = "XCBuildConfiguration";
         buildSettings = {
            CLANG_ENABLE_MODULES = "YES";
            EMBEDDED_CONTENT_CONTAINS_SWIFT = "YES";
            FRAMEWORK_SEARCH_PATHS = (
               "$(inherited)",
               "$(PLATFORM_DIR)/Developer/Library/Frameworks"
            );
            HEADER_SEARCH_PATHS = (
               "$(inherited)"
            );
            INFOPLIST_FILE = "CoreJSON.xcodeproj/CoreJSONFoundationTests_Info.plist";
            IPHONEOS_DEPLOYMENT_TARGET = "8.0";
            LD_RUNPATH_SEARCH_PATHS = (
               "$(inherited)",
               "@loader_path/../Frameworks",
               "@loader_path/Frameworks"
            );
            MACOSX_DEPLOYMENT_TARGET = "10.10";
            OTHER_CFLAGS = (
               "$(inherited)"
            );
            OTHER_LDFLAGS = (
               "$(inherited)"
            );
            OTHER_SWIFT_FLAGS = (
               "$(inherited)"
            );
            SWIFT_ACTIVE_COMPILATION_CONDITIONS = (
               "$(inherited)"
            );
            SWIFT_VERSION = "5.0";
            TARGET_NAME = "CoreJSONFoundationTests";
            TVOS_DEPLOYMENT_TARGET = "9.0";
            WATCHOS_DEPLOYMENT_TARGET = "2.0";
         };
         name = "Release";
      };
      "OBJ_101" = {
         isa = "PBXSourcesBuildPhase";
         files = (
            "OBJ_102",
            "OBJ_103",
            "OBJ_104"
         );
      };
      "OBJ_102" = {
         isa = "PBXBuildFile";
         fileRef = "OBJ_26";
      };
      "OBJ_103" = {
         isa = "PBXBuildFile";
         fileRef = "OBJ_27";
      };
      "OBJ_104" = {
         isa = "PBXBuildFile";
         fileRef = "OBJ_28";
      };
      "OBJ_105" = {
         isa = "PBXFrameworksBuildPhase";
         files = (
            "OBJ_106",
            "OBJ_107"
         );
      };
      "OBJ_106" = {
         isa = "PBXBuildFile";
         fileRef = "CoreJSON::CoreJSONFoundation::Product";
      };
      "OBJ_107" = {
         isa = "PBXBuildFile";
         fileRef = "CoreJSON::CoreJSON::Product";
      };
      "OBJ_108" = {
         isa = "PBXTargetDependency";
         target = "CoreJSON::CoreJSONFoundation";
      };
      "OBJ_109" = {
         isa = "PBXTargetDependency";
         target = "CoreJSON::CoreJSON";
      };
      "OBJ_11" = {
         isa = "PBXFileReference";
         path = "JSONConvenience.swift";
         sourceTree = "<group>";
      };
      "OBJ_111" = {
         isa = "XCConfigurationList";
         buildConfigurations = (
            "OBJ_112",
            "OBJ_113"
         );
         defaultConfigurationIsVisible = "0";
         defaultConfigurationName = "Release";
      };
      "OBJ_112" = {
         isa = "XCBuildConfiguration";
         buildSettings = {
            ENABLE_TESTABILITY = "YES";
            FRAMEWORK_SEARCH_PATHS = (
               "$(inherited)",
               "$(PLATFORM_DIR)/Developer/Library/Frameworks"
            );
            HEADER_SEARCH_PATHS = (
               "$(inherited)"
            );
            INFOPLIST_FILE = "CoreJSON.xcodeproj/CoreJSONLiterals_Info.plist";
            IPHONEOS_DEPLOYMENT_TARGET = "8.0";
            LD_RUNPATH_SEARCH_PATHS = (
               "$(inherited)",
               "$(TOOLCHAIN_DIR)/usr/lib/swift/macosx"
            );
            MACOSX_DEPLOYMENT_TARGET = "10.10";
            OTHER_CFLAGS = (
               "$(inherited)"
            );
            OTHER_LDFLAGS = (
               "$(inherited)"
            );
            OTHER_SWIFT_FLAGS = (
               "$(inherited)"
            );
            PRODUCT_BUNDLE_IDENTIFIER = "CoreJSONLiterals";
            PRODUCT_MODULE_NAME = "$(TARGET_NAME:c99extidentifier)";
            PRODUCT_NAME = "$(TARGET_NAME:c99extidentifier)";
            SKIP_INSTALL = "YES";
            SWIFT_ACTIVE_COMPILATION_CONDITIONS = (
               "$(inherited)"
            );
            SWIFT_VERSION = "5.0";
            TARGET_NAME = "CoreJSONLiterals";
            TVOS_DEPLOYMENT_TARGET = "9.0";
            WATCHOS_DEPLOYMENT_TARGET = "2.0";
         };
         name = "Debug";
      };
      "OBJ_113" = {
         isa = "XCBuildConfiguration";
         buildSettings = {
            ENABLE_TESTABILITY = "YES";
            FRAMEWORK_SEARCH_PATHS = (
               "$(inherited)",
               "$(PLATFORM_DIR)/Developer/Library/Frameworks"
            );
            HEADER_SEARCH_PATHS = (
               "$(inherited)"
            );
            INFOPLIST_FILE = "CoreJSON.xcodeproj/CoreJSONLiterals_Info.plist";
            IPHONEOS_DEPLOYMENT_TARGET = "8.0";
            LD_RUNPATH_SEARCH_PATHS = (
               "$(inherited)",
               "$(TOOLCHAIN_DIR)/usr/lib/swift/macosx"
            );
            MACOSX_DEPLOYMENT_TARGET = "10.10";
            OTHER_CFLAGS = (
               "$(inherited)"
            );
            OTHER_LDFLAGS = (
               "$(inherited)"
            );
            OTHER_SWIFT_FLAGS = (
               "$(inherited)"
            );
            PRODUCT_BUNDLE_IDENTIFIER = "CoreJSONLiterals";
            PRODUCT_MODULE_NAME = "$(TARGET_NAME:c99extidentifier)";
            PRODUCT_NAME = "$(TARGET_NAME:c99extidentifier)";
            SKIP_INSTALL = "YES";
            SWIFT_ACTIVE_COMPILATION_CONDITIONS = (
               "$(inherited)"
            );
            SWIFT_VERSION = "5.0";
            TARGET_NAME = "CoreJSONLiterals";
            TVOS_DEPLOYMENT_TARGET = "9.0";
            WATCHOS_DEPLOYMENT_TARGET = "2.0";
         };
         name = "Release";
      };
      "OBJ_114" = {
         isa = "PBXSourcesBuildPhase";
         files = (
            "OBJ_115"
         );
      };
      "OBJ_115" = {
         isa = "PBXBuildFile";
         fileRef = "OBJ_16";
      };
      "OBJ_116" = {
         isa = "PBXFrameworksBuildPhase";
         files = (
            "OBJ_117"
         );
      };
      "OBJ_117" = {
         isa = "PBXBuildFile";
         fileRef = "CoreJSON::CoreJSON::Product";
      };
      "OBJ_118" = {
         isa = "PBXTargetDependency";
         target = "CoreJSON::CoreJSON";
      };
      "OBJ_12" = {
         isa = "PBXGroup";
         children = (
            "OBJ_13",
            "OBJ_14"
         );
         name = "CoreJSONFoundation";
         path = "Sources/CoreJSONFoundation";
         sourceTree = "SOURCE_ROOT";
      };
      "OBJ_120" = {
         isa = "XCConfigurationList";
         buildConfigurations = (
            "OBJ_121",
            "OBJ_122"
         );
         defaultConfigurationIsVisible = "0";
         defaultConfigurationName = "Release";
      };
      "OBJ_121" = {
         isa = "XCBuildConfiguration";
         buildSettings = {
            CLANG_ENABLE_MODULES = "YES";
            EMBEDDED_CONTENT_CONTAINS_SWIFT = "YES";
            FRAMEWORK_SEARCH_PATHS = (
               "$(inherited)",
               "$(PLATFORM_DIR)/Developer/Library/Frameworks"
            );
            HEADER_SEARCH_PATHS = (
               "$(inherited)"
            );
            INFOPLIST_FILE = "CoreJSON.xcodeproj/CoreJSONLiteralsTests_Info.plist";
            IPHONEOS_DEPLOYMENT_TARGET = "8.0";
            LD_RUNPATH_SEARCH_PATHS = (
               "$(inherited)",
               "@loader_path/../Frameworks",
               "@loader_path/Frameworks"
            );
            MACOSX_DEPLOYMENT_TARGET = "10.10";
            OTHER_CFLAGS = (
               "$(inherited)"
            );
            OTHER_LDFLAGS = (
               "$(inherited)"
            );
            OTHER_SWIFT_FLAGS = (
               "$(inherited)"
            );
            SWIFT_ACTIVE_COMPILATION_CONDITIONS = (
               "$(inherited)"
            );
            SWIFT_VERSION = "5.0";
            TARGET_NAME = "CoreJSONLiteralsTests";
            TVOS_DEPLOYMENT_TARGET = "9.0";
            WATCHOS_DEPLOYMENT_TARGET = "2.0";
         };
         name = "Debug";
      };
      "OBJ_122" = {
         isa = "XCBuildConfiguration";
         buildSettings = {
            CLANG_ENABLE_MODULES = "YES";
            EMBEDDED_CONTENT_CONTAINS_SWIFT = "YES";
            FRAMEWORK_SEARCH_PATHS = (
               "$(inherited)",
               "$(PLATFORM_DIR)/Developer/Library/Frameworks"
            );
            HEADER_SEARCH_PATHS = (
               "$(inherited)"
            );
            INFOPLIST_FILE = "CoreJSON.xcodeproj/CoreJSONLiteralsTests_Info.plist";
            IPHONEOS_DEPLOYMENT_TARGET = "8.0";
            LD_RUNPATH_SEARCH_PATHS = (
               "$(inherited)",
               "@loader_path/../Frameworks",
               "@loader_path/Frameworks"
            );
            MACOSX_DEPLOYMENT_TARGET = "10.10";
            OTHER_CFLAGS = (
               "$(inherited)"
            );
            OTHER_LDFLAGS = (
               "$(inherited)"
            );
            OTHER_SWIFT_FLAGS = (
               "$(inherited)"
            );
            SWIFT_ACTIVE_COMPILATION_CONDITIONS = (
               "$(inherited)"
            );
            SWIFT_VERSION = "5.0";
            TARGET_NAME = "CoreJSONLiteralsTests";
            TVOS_DEPLOYMENT_TARGET = "9.0";
            WATCHOS_DEPLOYMENT_TARGET = "2.0";
         };
         name = "Release";
      };
      "OBJ_123" = {
         isa = "PBXSourcesBuildPhase";
         files = (
            "OBJ_124",
            "OBJ_125"
         );
      };
      "OBJ_124" = {
         isa = "PBXBuildFile";
         fileRef = "OBJ_30";
      };
      "OBJ_125" = {
         isa = "PBXBuildFile";
         fileRef = "OBJ_31";
      };
      "OBJ_126" = {
         isa = "PBXFrameworksBuildPhase";
         files = (
            "OBJ_127",
            "OBJ_128"
         );
      };
      "OBJ_127" = {
         isa = "PBXBuildFile";
         fileRef = "CoreJSON::CoreJSONLiterals::Product";
      };
      "OBJ_128" = {
         isa = "PBXBuildFile";
         fileRef = "CoreJSON::CoreJSON::Product";
      };
      "OBJ_129" = {
         isa = "PBXTargetDependency";
         target = "CoreJSON::CoreJSONLiterals";
      };
      "OBJ_13" = {
         isa = "PBXFileReference";
         path = "FromFoundation.swift";
         sourceTree = "<group>";
      };
      "OBJ_130" = {
         isa = "PBXTargetDependency";
         target = "CoreJSON::CoreJSON";
      };
      "OBJ_132" = {
         isa = "XCConfigurationList";
         buildConfigurations = (
            "OBJ_133",
            "OBJ_134"
         );
         defaultConfigurationIsVisible = "0";
         defaultConfigurationName = "Release";
      };
      "OBJ_133" = {
         isa = "XCBuildConfiguration";
         buildSettings = {
            LD = "/usr/bin/true";
            OTHER_SWIFT_FLAGS = (
               "-swift-version",
               "5",
               "-I",
               "$(TOOLCHAIN_DIR)/usr/lib/swift/pm/4_2",
               "-target",
               "x86_64-apple-macosx10.10",
               "-sdk",
               "/Applications/Xcode.app/Contents/Developer/Platforms/MacOSX.platform/Developer/SDKs/MacOSX10.15.sdk",
               "-package-description-version",
               "5"
            );
            SWIFT_VERSION = "5.0";
         };
         name = "Debug";
      };
      "OBJ_134" = {
         isa = "XCBuildConfiguration";
         buildSettings = {
            LD = "/usr/bin/true";
            OTHER_SWIFT_FLAGS = (
               "-swift-version",
               "5",
               "-I",
               "$(TOOLCHAIN_DIR)/usr/lib/swift/pm/4_2",
               "-target",
               "x86_64-apple-macosx10.10",
               "-sdk",
               "/Applications/Xcode.app/Contents/Developer/Platforms/MacOSX.platform/Developer/SDKs/MacOSX10.15.sdk",
               "-package-description-version",
               "5"
            );
            SWIFT_VERSION = "5.0";
         };
         name = "Release";
      };
      "OBJ_135" = {
         isa = "PBXSourcesBuildPhase";
         files = (
            "OBJ_136"
         );
      };
      "OBJ_136" = {
         isa = "PBXBuildFile";
         fileRef = "OBJ_6";
      };
      "OBJ_138" = {
         isa = "XCConfigurationList";
         buildConfigurations = (
            "OBJ_139",
            "OBJ_140"
         );
         defaultConfigurationIsVisible = "0";
         defaultConfigurationName = "Release";
      };
      "OBJ_139" = {
         isa = "XCBuildConfiguration";
         buildSettings = {
         };
         name = "Debug";
      };
      "OBJ_14" = {
         isa = "PBXFileReference";
         path = "ToFoundation.swift";
         sourceTree = "<group>";
      };
      "OBJ_140" = {
         isa = "XCBuildConfiguration";
         buildSettings = {
         };
         name = "Release";
      };
      "OBJ_141" = {
         isa = "PBXTargetDependency";
         target = "CoreJSON::CoreJSONTests";
      };
      "OBJ_143" = {
         isa = "PBXTargetDependency";
         target = "CoreJSON::CoreJSONPointerTests";
      };
      "OBJ_145" = {
         isa = "PBXTargetDependency";
         target = "CoreJSON::CoreJSONSubscriptTests";
      };
      "OBJ_147" = {
         isa = "PBXTargetDependency";
         target = "CoreJSON::CoreJSONFoundationTests";
      };
      "OBJ_148" = {
         isa = "PBXTargetDependency";
         target = "CoreJSON::CoreJSONConvenienceTests";
      };
      "OBJ_149" = {
         isa = "PBXTargetDependency";
         target = "CoreJSON::CoreJSONLiteralsTests";
      };
      "OBJ_15" = {
         isa = "PBXGroup";
         children = (
            "OBJ_16"
         );
         name = "CoreJSONLiterals";
         path = "Sources/CoreJSONLiterals";
         sourceTree = "SOURCE_ROOT";
      };
      "OBJ_151" = {
         isa = "XCConfigurationList";
         buildConfigurations = (
            "OBJ_152",
            "OBJ_153"
         );
         defaultConfigurationIsVisible = "0";
         defaultConfigurationName = "Release";
      };
      "OBJ_152" = {
         isa = "XCBuildConfiguration";
         buildSettings = {
            ENABLE_TESTABILITY = "YES";
            FRAMEWORK_SEARCH_PATHS = (
               "$(inherited)",
               "$(PLATFORM_DIR)/Developer/Library/Frameworks"
            );
            HEADER_SEARCH_PATHS = (
               "$(inherited)"
            );
            INFOPLIST_FILE = "CoreJSON.xcodeproj/CoreJSONPointer_Info.plist";
            IPHONEOS_DEPLOYMENT_TARGET = "8.0";
            LD_RUNPATH_SEARCH_PATHS = (
               "$(inherited)",
               "$(TOOLCHAIN_DIR)/usr/lib/swift/macosx"
            );
            MACOSX_DEPLOYMENT_TARGET = "10.10";
            OTHER_CFLAGS = (
               "$(inherited)"
            );
            OTHER_LDFLAGS = (
               "$(inherited)"
            );
            OTHER_SWIFT_FLAGS = (
               "$(inherited)"
            );
            PRODUCT_BUNDLE_IDENTIFIER = "CoreJSONPointer";
            PRODUCT_MODULE_NAME = "$(TARGET_NAME:c99extidentifier)";
            PRODUCT_NAME = "$(TARGET_NAME:c99extidentifier)";
            SKIP_INSTALL = "YES";
            SWIFT_ACTIVE_COMPILATION_CONDITIONS = (
               "$(inherited)"
            );
            SWIFT_VERSION = "5.0";
            TARGET_NAME = "CoreJSONPointer";
            TVOS_DEPLOYMENT_TARGET = "9.0";
            WATCHOS_DEPLOYMENT_TARGET = "2.0";
         };
         name = "Debug";
      };
      "OBJ_153" = {
         isa = "XCBuildConfiguration";
         buildSettings = {
            ENABLE_TESTABILITY = "YES";
            FRAMEWORK_SEARCH_PATHS = (
               "$(inherited)",
               "$(PLATFORM_DIR)/Developer/Library/Frameworks"
            );
            HEADER_SEARCH_PATHS = (
               "$(inherited)"
            );
            INFOPLIST_FILE = "CoreJSON.xcodeproj/CoreJSONPointer_Info.plist";
            IPHONEOS_DEPLOYMENT_TARGET = "8.0";
            LD_RUNPATH_SEARCH_PATHS = (
               "$(inherited)",
               "$(TOOLCHAIN_DIR)/usr/lib/swift/macosx"
            );
            MACOSX_DEPLOYMENT_TARGET = "10.10";
            OTHER_CFLAGS = (
               "$(inherited)"
            );
            OTHER_LDFLAGS = (
               "$(inherited)"
            );
            OTHER_SWIFT_FLAGS = (
               "$(inherited)"
            );
            PRODUCT_BUNDLE_IDENTIFIER = "CoreJSONPointer";
            PRODUCT_MODULE_NAME = "$(TARGET_NAME:c99extidentifier)";
            PRODUCT_NAME = "$(TARGET_NAME:c99extidentifier)";
            SKIP_INSTALL = "YES";
            SWIFT_ACTIVE_COMPILATION_CONDITIONS = (
               "$(inherited)"
            );
            SWIFT_VERSION = "5.0";
            TARGET_NAME = "CoreJSONPointer";
            TVOS_DEPLOYMENT_TARGET = "9.0";
            WATCHOS_DEPLOYMENT_TARGET = "2.0";
         };
         name = "Release";
      };
      "OBJ_154" = {
         isa = "PBXSourcesBuildPhase";
         files = (
            "OBJ_155"
         );
      };
      "OBJ_155" = {
         isa = "PBXBuildFile";
         fileRef = "OBJ_18";
      };
      "OBJ_156" = {
         isa = "PBXFrameworksBuildPhase";
         files = (
            "OBJ_157"
         );
      };
      "OBJ_157" = {
         isa = "PBXBuildFile";
         fileRef = "CoreJSON::CoreJSON::Product";
      };
      "OBJ_158" = {
         isa = "PBXTargetDependency";
         target = "CoreJSON::CoreJSON";
      };
      "OBJ_159" = {
         isa = "XCConfigurationList";
         buildConfigurations = (
            "OBJ_160",
            "OBJ_161"
         );
         defaultConfigurationIsVisible = "0";
         defaultConfigurationName = "Release";
      };
      "OBJ_16" = {
         isa = "PBXFileReference";
         path = "JSONLiterals.swift";
         sourceTree = "<group>";
      };
      "OBJ_160" = {
         isa = "XCBuildConfiguration";
         buildSettings = {
            CLANG_ENABLE_MODULES = "YES";
            EMBEDDED_CONTENT_CONTAINS_SWIFT = "YES";
            FRAMEWORK_SEARCH_PATHS = (
               "$(inherited)",
               "$(PLATFORM_DIR)/Developer/Library/Frameworks"
            );
            HEADER_SEARCH_PATHS = (
               "$(inherited)"
            );
            INFOPLIST_FILE = "CoreJSON.xcodeproj/CoreJSONPointerTests_Info.plist";
            IPHONEOS_DEPLOYMENT_TARGET = "8.0";
            LD_RUNPATH_SEARCH_PATHS = (
               "$(inherited)",
               "@loader_path/../Frameworks",
               "@loader_path/Frameworks"
            );
            MACOSX_DEPLOYMENT_TARGET = "10.10";
            OTHER_CFLAGS = (
               "$(inherited)"
            );
            OTHER_LDFLAGS = (
               "$(inherited)"
            );
            OTHER_SWIFT_FLAGS = (
               "$(inherited)"
            );
            SWIFT_ACTIVE_COMPILATION_CONDITIONS = (
               "$(inherited)"
            );
            SWIFT_VERSION = "5.0";
            TARGET_NAME = "CoreJSONPointerTests";
            TVOS_DEPLOYMENT_TARGET = "9.0";
            WATCHOS_DEPLOYMENT_TARGET = "2.0";
         };
         name = "Debug";
      };
      "OBJ_161" = {
         isa = "XCBuildConfiguration";
         buildSettings = {
            CLANG_ENABLE_MODULES = "YES";
            EMBEDDED_CONTENT_CONTAINS_SWIFT = "YES";
            FRAMEWORK_SEARCH_PATHS = (
               "$(inherited)",
               "$(PLATFORM_DIR)/Developer/Library/Frameworks"
            );
            HEADER_SEARCH_PATHS = (
               "$(inherited)"
            );
            INFOPLIST_FILE = "CoreJSON.xcodeproj/CoreJSONPointerTests_Info.plist";
            IPHONEOS_DEPLOYMENT_TARGET = "8.0";
            LD_RUNPATH_SEARCH_PATHS = (
               "$(inherited)",
               "@loader_path/../Frameworks",
               "@loader_path/Frameworks"
            );
            MACOSX_DEPLOYMENT_TARGET = "10.10";
            OTHER_CFLAGS = (
               "$(inherited)"
            );
            OTHER_LDFLAGS = (
               "$(inherited)"
            );
            OTHER_SWIFT_FLAGS = (
               "$(inherited)"
            );
            SWIFT_ACTIVE_COMPILATION_CONDITIONS = (
               "$(inherited)"
            );
            SWIFT_VERSION = "5.0";
            TARGET_NAME = "CoreJSONPointerTests";
            TVOS_DEPLOYMENT_TARGET = "9.0";
            WATCHOS_DEPLOYMENT_TARGET = "2.0";
         };
         name = "Release";
      };
      "OBJ_162" = {
         isa = "PBXSourcesBuildPhase";
         files = (
            "OBJ_163",
            "OBJ_164"
         );
      };
      "OBJ_163" = {
         isa = "PBXBuildFile";
         fileRef = "OBJ_33";
      };
      "OBJ_164" = {
         isa = "PBXBuildFile";
         fileRef = "OBJ_34";
      };
      "OBJ_165" = {
         isa = "PBXFrameworksBuildPhase";
         files = (
            "OBJ_166",
            "OBJ_167"
         );
      };
      "OBJ_166" = {
         isa = "PBXBuildFile";
         fileRef = "CoreJSON::CoreJSONPointer::Product";
      };
      "OBJ_167" = {
         isa = "PBXBuildFile";
         fileRef = "CoreJSON::CoreJSON::Product";
      };
      "OBJ_168" = {
         isa = "PBXTargetDependency";
         target = "CoreJSON::CoreJSONPointer";
      };
      "OBJ_169" = {
         isa = "PBXTargetDependency";
         target = "CoreJSON::CoreJSON";
      };
      "OBJ_17" = {
         isa = "PBXGroup";
         children = (
            "OBJ_18"
         );
         name = "CoreJSONPointer";
         path = "Sources/CoreJSONPointer";
         sourceTree = "SOURCE_ROOT";
      };
      "OBJ_171" = {
         isa = "XCConfigurationList";
         buildConfigurations = (
            "OBJ_172",
            "OBJ_173"
         );
         defaultConfigurationIsVisible = "0";
         defaultConfigurationName = "Release";
      };
      "OBJ_172" = {
         isa = "XCBuildConfiguration";
         buildSettings = {
            ENABLE_TESTABILITY = "YES";
            FRAMEWORK_SEARCH_PATHS = (
               "$(inherited)",
               "$(PLATFORM_DIR)/Developer/Library/Frameworks"
            );
            HEADER_SEARCH_PATHS = (
               "$(inherited)"
            );
            INFOPLIST_FILE = "CoreJSON.xcodeproj/CoreJSONSubscript_Info.plist";
            IPHONEOS_DEPLOYMENT_TARGET = "8.0";
            LD_RUNPATH_SEARCH_PATHS = (
               "$(inherited)",
               "$(TOOLCHAIN_DIR)/usr/lib/swift/macosx"
            );
            MACOSX_DEPLOYMENT_TARGET = "10.10";
            OTHER_CFLAGS = (
               "$(inherited)"
            );
            OTHER_LDFLAGS = (
               "$(inherited)"
            );
            OTHER_SWIFT_FLAGS = (
               "$(inherited)"
            );
            PRODUCT_BUNDLE_IDENTIFIER = "CoreJSONSubscript";
            PRODUCT_MODULE_NAME = "$(TARGET_NAME:c99extidentifier)";
            PRODUCT_NAME = "$(TARGET_NAME:c99extidentifier)";
            SKIP_INSTALL = "YES";
            SWIFT_ACTIVE_COMPILATION_CONDITIONS = (
               "$(inherited)"
            );
            SWIFT_VERSION = "5.0";
            TARGET_NAME = "CoreJSONSubscript";
            TVOS_DEPLOYMENT_TARGET = "9.0";
            WATCHOS_DEPLOYMENT_TARGET = "2.0";
         };
         name = "Debug";
      };
      "OBJ_173" = {
         isa = "XCBuildConfiguration";
         buildSettings = {
            ENABLE_TESTABILITY = "YES";
            FRAMEWORK_SEARCH_PATHS = (
               "$(inherited)",
               "$(PLATFORM_DIR)/Developer/Library/Frameworks"
            );
            HEADER_SEARCH_PATHS = (
               "$(inherited)"
            );
            INFOPLIST_FILE = "CoreJSON.xcodeproj/CoreJSONSubscript_Info.plist";
            IPHONEOS_DEPLOYMENT_TARGET = "8.0";
            LD_RUNPATH_SEARCH_PATHS = (
               "$(inherited)",
               "$(TOOLCHAIN_DIR)/usr/lib/swift/macosx"
            );
            MACOSX_DEPLOYMENT_TARGET = "10.10";
            OTHER_CFLAGS = (
               "$(inherited)"
            );
            OTHER_LDFLAGS = (
               "$(inherited)"
            );
            OTHER_SWIFT_FLAGS = (
               "$(inherited)"
            );
            PRODUCT_BUNDLE_IDENTIFIER = "CoreJSONSubscript";
            PRODUCT_MODULE_NAME = "$(TARGET_NAME:c99extidentifier)";
            PRODUCT_NAME = "$(TARGET_NAME:c99extidentifier)";
            SKIP_INSTALL = "YES";
            SWIFT_ACTIVE_COMPILATION_CONDITIONS = (
               "$(inherited)"
            );
            SWIFT_VERSION = "5.0";
            TARGET_NAME = "CoreJSONSubscript";
            TVOS_DEPLOYMENT_TARGET = "9.0";
            WATCHOS_DEPLOYMENT_TARGET = "2.0";
         };
         name = "Release";
      };
      "OBJ_174" = {
         isa = "PBXSourcesBuildPhase";
         files = (
            "OBJ_175"
         );
      };
      "OBJ_175" = {
         isa = "PBXBuildFile";
         fileRef = "OBJ_20";
      };
      "OBJ_176" = {
         isa = "PBXFrameworksBuildPhase";
         files = (
            "OBJ_177"
         );
      };
      "OBJ_177" = {
         isa = "PBXBuildFile";
         fileRef = "CoreJSON::CoreJSON::Product";
      };
      "OBJ_178" = {
         isa = "PBXTargetDependency";
         target = "CoreJSON::CoreJSON";
      };
      "OBJ_179" = {
         isa = "XCConfigurationList";
         buildConfigurations = (
            "OBJ_180",
            "OBJ_181"
         );
         defaultConfigurationIsVisible = "0";
         defaultConfigurationName = "Release";
      };
      "OBJ_18" = {
         isa = "PBXFileReference";
         path = "JSONPointer.swift";
         sourceTree = "<group>";
      };
      "OBJ_180" = {
         isa = "XCBuildConfiguration";
         buildSettings = {
            CLANG_ENABLE_MODULES = "YES";
            EMBEDDED_CONTENT_CONTAINS_SWIFT = "YES";
            FRAMEWORK_SEARCH_PATHS = (
               "$(inherited)",
               "$(PLATFORM_DIR)/Developer/Library/Frameworks"
            );
            HEADER_SEARCH_PATHS = (
               "$(inherited)"
            );
            INFOPLIST_FILE = "CoreJSON.xcodeproj/CoreJSONSubscriptTests_Info.plist";
            IPHONEOS_DEPLOYMENT_TARGET = "8.0";
            LD_RUNPATH_SEARCH_PATHS = (
               "$(inherited)",
               "@loader_path/../Frameworks",
               "@loader_path/Frameworks"
            );
            MACOSX_DEPLOYMENT_TARGET = "10.10";
            OTHER_CFLAGS = (
               "$(inherited)"
            );
            OTHER_LDFLAGS = (
               "$(inherited)"
            );
            OTHER_SWIFT_FLAGS = (
               "$(inherited)"
            );
            SWIFT_ACTIVE_COMPILATION_CONDITIONS = (
               "$(inherited)"
            );
            SWIFT_VERSION = "5.0";
            TARGET_NAME = "CoreJSONSubscriptTests";
            TVOS_DEPLOYMENT_TARGET = "9.0";
            WATCHOS_DEPLOYMENT_TARGET = "2.0";
         };
         name = "Debug";
      };
      "OBJ_181" = {
         isa = "XCBuildConfiguration";
         buildSettings = {
            CLANG_ENABLE_MODULES = "YES";
            EMBEDDED_CONTENT_CONTAINS_SWIFT = "YES";
            FRAMEWORK_SEARCH_PATHS = (
               "$(inherited)",
               "$(PLATFORM_DIR)/Developer/Library/Frameworks"
            );
            HEADER_SEARCH_PATHS = (
               "$(inherited)"
            );
            INFOPLIST_FILE = "CoreJSON.xcodeproj/CoreJSONSubscriptTests_Info.plist";
            IPHONEOS_DEPLOYMENT_TARGET = "8.0";
            LD_RUNPATH_SEARCH_PATHS = (
               "$(inherited)",
               "@loader_path/../Frameworks",
               "@loader_path/Frameworks"
            );
            MACOSX_DEPLOYMENT_TARGET = "10.10";
            OTHER_CFLAGS = (
               "$(inherited)"
            );
            OTHER_LDFLAGS = (
               "$(inherited)"
            );
            OTHER_SWIFT_FLAGS = (
               "$(inherited)"
            );
            SWIFT_ACTIVE_COMPILATION_CONDITIONS = (
               "$(inherited)"
            );
            SWIFT_VERSION = "5.0";
            TARGET_NAME = "CoreJSONSubscriptTests";
            TVOS_DEPLOYMENT_TARGET = "9.0";
            WATCHOS_DEPLOYMENT_TARGET = "2.0";
         };
         name = "Release";
      };
      "OBJ_182" = {
         isa = "PBXSourcesBuildPhase";
         files = (
            "OBJ_183",
            "OBJ_184"
         );
      };
      "OBJ_183" = {
         isa = "PBXBuildFile";
         fileRef = "OBJ_36";
      };
      "OBJ_184" = {
         isa = "PBXBuildFile";
         fileRef = "OBJ_37";
      };
      "OBJ_185" = {
         isa = "PBXFrameworksBuildPhase";
         files = (
            "OBJ_186",
            "OBJ_187",
            "OBJ_188",
            "OBJ_189"
         );
      };
      "OBJ_186" = {
         isa = "PBXBuildFile";
         fileRef = "CoreJSON::CoreJSONLiterals::Product";
      };
      "OBJ_187" = {
         isa = "PBXBuildFile";
         fileRef = "CoreJSON::CoreJSONConvenience::Product";
      };
      "OBJ_188" = {
         isa = "PBXBuildFile";
         fileRef = "CoreJSON::CoreJSONSubscript::Product";
      };
      "OBJ_189" = {
         isa = "PBXBuildFile";
         fileRef = "CoreJSON::CoreJSON::Product";
      };
      "OBJ_19" = {
         isa = "PBXGroup";
         children = (
            "OBJ_20"
         );
         name = "CoreJSONSubscript";
         path = "Sources/CoreJSONSubscript";
         sourceTree = "SOURCE_ROOT";
      };
      "OBJ_190" = {
         isa = "PBXTargetDependency";
         target = "CoreJSON::CoreJSONLiterals";
      };
      "OBJ_191" = {
         isa = "PBXTargetDependency";
         target = "CoreJSON::CoreJSONConvenience";
      };
      "OBJ_192" = {
         isa = "PBXTargetDependency";
         target = "CoreJSON::CoreJSONSubscript";
      };
      "OBJ_193" = {
         isa = "PBXTargetDependency";
         target = "CoreJSON::CoreJSON";
      };
      "OBJ_194" = {
         isa = "XCConfigurationList";
         buildConfigurations = (
            "OBJ_195",
            "OBJ_196"
         );
         defaultConfigurationIsVisible = "0";
         defaultConfigurationName = "Release";
      };
      "OBJ_195" = {
         isa = "XCBuildConfiguration";
         buildSettings = {
            CLANG_ENABLE_MODULES = "YES";
            EMBEDDED_CONTENT_CONTAINS_SWIFT = "YES";
            FRAMEWORK_SEARCH_PATHS = (
               "$(inherited)",
               "$(PLATFORM_DIR)/Developer/Library/Frameworks"
            );
            HEADER_SEARCH_PATHS = (
               "$(inherited)"
            );
            INFOPLIST_FILE = "CoreJSON.xcodeproj/CoreJSONTests_Info.plist";
            IPHONEOS_DEPLOYMENT_TARGET = "8.0";
            LD_RUNPATH_SEARCH_PATHS = (
               "$(inherited)",
               "@loader_path/../Frameworks",
               "@loader_path/Frameworks"
            );
            MACOSX_DEPLOYMENT_TARGET = "10.10";
            OTHER_CFLAGS = (
               "$(inherited)"
            );
            OTHER_LDFLAGS = (
               "$(inherited)"
            );
            OTHER_SWIFT_FLAGS = (
               "$(inherited)"
            );
            SWIFT_ACTIVE_COMPILATION_CONDITIONS = (
               "$(inherited)"
            );
            SWIFT_VERSION = "5.0";
            TARGET_NAME = "CoreJSONTests";
            TVOS_DEPLOYMENT_TARGET = "9.0";
            WATCHOS_DEPLOYMENT_TARGET = "2.0";
         };
         name = "Debug";
      };
      "OBJ_196" = {
         isa = "XCBuildConfiguration";
         buildSettings = {
            CLANG_ENABLE_MODULES = "YES";
            EMBEDDED_CONTENT_CONTAINS_SWIFT = "YES";
            FRAMEWORK_SEARCH_PATHS = (
               "$(inherited)",
               "$(PLATFORM_DIR)/Developer/Library/Frameworks"
            );
            HEADER_SEARCH_PATHS = (
               "$(inherited)"
            );
            INFOPLIST_FILE = "CoreJSON.xcodeproj/CoreJSONTests_Info.plist";
            IPHONEOS_DEPLOYMENT_TARGET = "8.0";
            LD_RUNPATH_SEARCH_PATHS = (
               "$(inherited)",
               "@loader_path/../Frameworks",
               "@loader_path/Frameworks"
            );
            MACOSX_DEPLOYMENT_TARGET = "10.10";
            OTHER_CFLAGS = (
               "$(inherited)"
            );
            OTHER_LDFLAGS = (
               "$(inherited)"
            );
            OTHER_SWIFT_FLAGS = (
               "$(inherited)"
            );
            SWIFT_ACTIVE_COMPILATION_CONDITIONS = (
               "$(inherited)"
            );
            SWIFT_VERSION = "5.0";
            TARGET_NAME = "CoreJSONTests";
            TVOS_DEPLOYMENT_TARGET = "9.0";
            WATCHOS_DEPLOYMENT_TARGET = "2.0";
         };
         name = "Release";
      };
      "OBJ_197" = {
         isa = "PBXSourcesBuildPhase";
         files = (
            "OBJ_198",
            "OBJ_199"
         );
      };
      "OBJ_198" = {
         isa = "PBXBuildFile";
         fileRef = "OBJ_39";
      };
      "OBJ_199" = {
         isa = "PBXBuildFile";
         fileRef = "OBJ_40";
      };
      "OBJ_2" = {
         isa = "XCConfigurationList";
         buildConfigurations = (
            "OBJ_3",
            "OBJ_4"
         );
         defaultConfigurationIsVisible = "0";
         defaultConfigurationName = "Release";
      };
      "OBJ_20" = {
         isa = "PBXFileReference";
         path = "JSONSubscript.swift";
         sourceTree = "<group>";
      };
      "OBJ_200" = {
         isa = "PBXFrameworksBuildPhase";
         files = (
            "OBJ_201"
         );
      };
      "OBJ_201" = {
         isa = "PBXBuildFile";
         fileRef = "CoreJSON::CoreJSON::Product";
      };
      "OBJ_202" = {
         isa = "PBXTargetDependency";
         target = "CoreJSON::CoreJSON";
      };
      "OBJ_21" = {
         isa = "PBXGroup";
         children = (
            "OBJ_22",
            "OBJ_25",
            "OBJ_29",
            "OBJ_32",
            "OBJ_35",
            "OBJ_38"
         );
         name = "Tests";
         path = "";
         sourceTree = "SOURCE_ROOT";
      };
      "OBJ_22" = {
         isa = "PBXGroup";
         children = (
            "OBJ_23",
            "OBJ_24"
         );
         name = "CoreJSONConvenienceTests";
         path = "Tests/CoreJSONConvenienceTests";
         sourceTree = "SOURCE_ROOT";
      };
      "OBJ_23" = {
         isa = "PBXFileReference";
         path = "CoreJSONConvenienceTests.swift";
         sourceTree = "<group>";
      };
      "OBJ_24" = {
         isa = "PBXFileReference";
         path = "XCTestManifests.swift";
         sourceTree = "<group>";
      };
      "OBJ_25" = {
         isa = "PBXGroup";
         children = (
            "OBJ_26",
            "OBJ_27",
            "OBJ_28"
         );
         name = "CoreJSONFoundationTests";
         path = "Tests/CoreJSONFoundationTests";
         sourceTree = "SOURCE_ROOT";
      };
      "OBJ_26" = {
         isa = "PBXFileReference";
         path = "CoreJSONFromFoundationTests.swift";
         sourceTree = "<group>";
      };
      "OBJ_27" = {
         isa = "PBXFileReference";
         path = "CoreJSONToFoundationTests.swift";
         sourceTree = "<group>";
      };
      "OBJ_28" = {
         isa = "PBXFileReference";
         path = "XCTestManifests.swift";
         sourceTree = "<group>";
      };
      "OBJ_29" = {
         isa = "PBXGroup";
         children = (
            "OBJ_30",
            "OBJ_31"
         );
         name = "CoreJSONLiteralsTests";
         path = "Tests/CoreJSONLiteralsTests";
         sourceTree = "SOURCE_ROOT";
      };
      "OBJ_3" = {
         isa = "XCBuildConfiguration";
         buildSettings = {
            CLANG_ENABLE_OBJC_ARC = "YES";
            COMBINE_HIDPI_IMAGES = "YES";
            COPY_PHASE_STRIP = "NO";
            DEBUG_INFORMATION_FORMAT = "dwarf";
            DYLIB_INSTALL_NAME_BASE = "@rpath";
            ENABLE_NS_ASSERTIONS = "YES";
            GCC_OPTIMIZATION_LEVEL = "0";
            GCC_PREPROCESSOR_DEFINITIONS = (
               "$(inherited)",
               "SWIFT_PACKAGE=1",
               "DEBUG=1"
            );
            MACOSX_DEPLOYMENT_TARGET = "10.10";
            ONLY_ACTIVE_ARCH = "YES";
            OTHER_SWIFT_FLAGS = (
               "$(inherited)",
               "-DXcode"
            );
            PRODUCT_NAME = "$(TARGET_NAME)";
            SDKROOT = "macosx";
            SUPPORTED_PLATFORMS = (
               "macosx",
               "iphoneos",
               "iphonesimulator",
               "appletvos",
               "appletvsimulator",
               "watchos",
               "watchsimulator"
            );
            SWIFT_ACTIVE_COMPILATION_CONDITIONS = (
               "$(inherited)",
               "SWIFT_PACKAGE",
               "DEBUG"
            );
            SWIFT_OPTIMIZATION_LEVEL = "-Onone";
            USE_HEADERMAP = "NO";
         };
         name = "Debug";
      };
      "OBJ_30" = {
         isa = "PBXFileReference";
         path = "CoreJSONLiteralsTests.swift";
         sourceTree = "<group>";
      };
      "OBJ_31" = {
         isa = "PBXFileReference";
         path = "XCTestManifests.swift";
         sourceTree = "<group>";
      };
      "OBJ_32" = {
         isa = "PBXGroup";
         children = (
            "OBJ_33",
            "OBJ_34"
         );
         name = "CoreJSONPointerTests";
         path = "Tests/CoreJSONPointerTests";
         sourceTree = "SOURCE_ROOT";
      };
      "OBJ_33" = {
         isa = "PBXFileReference";
         path = "CoreJSONPointerTests.swift";
         sourceTree = "<group>";
      };
      "OBJ_34" = {
         isa = "PBXFileReference";
         path = "XCTestManifests.swift";
         sourceTree = "<group>";
      };
      "OBJ_35" = {
         isa = "PBXGroup";
         children = (
            "OBJ_36",
            "OBJ_37"
         );
         name = "CoreJSONSubscriptTests";
         path = "Tests/CoreJSONSubscriptTests";
         sourceTree = "SOURCE_ROOT";
      };
      "OBJ_36" = {
         isa = "PBXFileReference";
         path = "CoreJSONSubscriptTests.swift";
         sourceTree = "<group>";
      };
      "OBJ_37" = {
         isa = "PBXFileReference";
         path = "XCTestManifests.swift";
         sourceTree = "<group>";
      };
      "OBJ_38" = {
         isa = "PBXGroup";
         children = (
            "OBJ_39",
            "OBJ_40"
         );
         name = "CoreJSONTests";
         path = "Tests/CoreJSONTests";
         sourceTree = "SOURCE_ROOT";
      };
      "OBJ_39" = {
         isa = "PBXFileReference";
         path = "CoreJSONTests.swift";
         sourceTree = "<group>";
      };
      "OBJ_4" = {
         isa = "XCBuildConfiguration";
         buildSettings = {
            CLANG_ENABLE_OBJC_ARC = "YES";
            COMBINE_HIDPI_IMAGES = "YES";
            COPY_PHASE_STRIP = "YES";
            DEBUG_INFORMATION_FORMAT = "dwarf-with-dsym";
            DYLIB_INSTALL_NAME_BASE = "@rpath";
            GCC_OPTIMIZATION_LEVEL = "s";
            GCC_PREPROCESSOR_DEFINITIONS = (
               "$(inherited)",
               "SWIFT_PACKAGE=1"
            );
            MACOSX_DEPLOYMENT_TARGET = "10.10";
            OTHER_SWIFT_FLAGS = (
               "$(inherited)",
               "-DXcode"
            );
            PRODUCT_NAME = "$(TARGET_NAME)";
            SDKROOT = "macosx";
            SUPPORTED_PLATFORMS = (
               "macosx",
               "iphoneos",
               "iphonesimulator",
               "appletvos",
               "appletvsimulator",
               "watchos",
               "watchsimulator"
            );
            SWIFT_ACTIVE_COMPILATION_CONDITIONS = (
               "$(inherited)",
               "SWIFT_PACKAGE"
            );
            SWIFT_OPTIMIZATION_LEVEL = "-Owholemodule";
            USE_HEADERMAP = "NO";
         };
         name = "Release";
      };
      "OBJ_40" = {
         isa = "PBXFileReference";
         path = "XCTestManifests.swift";
         sourceTree = "<group>";
      };
      "OBJ_41" = {
         isa = "PBXGroup";
         children = (
            "CoreJSON::CoreJSONConvenience::Product",
            "CoreJSON::CoreJSONSubscript::Product",
            "CoreJSON::CoreJSONSubscriptTests::Product",
            "CoreJSON::CoreJSONFoundation::Product",
            "CoreJSON::CoreJSONConvenienceTests::Product",
            "CoreJSON::CoreJSONLiterals::Product",
            "CoreJSON::CoreJSONTests::Product",
            "CoreJSON::CoreJSONLiteralsTests::Product",
            "CoreJSON::CoreJSONPointerTests::Product",
            "CoreJSON::CoreJSONFoundationTests::Product",
            "CoreJSON::CoreJSON::Product",
            "CoreJSON::CoreJSONPointer::Product"
         );
         name = "Products";
         path = "";
         sourceTree = "BUILT_PRODUCTS_DIR";
      };
      "OBJ_5" = {
         isa = "PBXGroup";
         children = (
            "OBJ_6",
            "OBJ_7",
            "OBJ_21",
            "OBJ_41",
            "OBJ_54",
            "OBJ_55",
            "OBJ_56",
            "OBJ_57",
            "OBJ_58"
         );
         path = "";
         sourceTree = "<group>";
      };
      "OBJ_54" = {
         isa = "PBXFileReference";
         path = "codecov.yml";
         sourceTree = "<group>";
      };
      "OBJ_55" = {
         isa = "PBXFileReference";
         path = "LICENSE";
         sourceTree = "<group>";
      };
      "OBJ_56" = {
         isa = "PBXFileReference";
         path = "test";
         sourceTree = "<group>";
      };
      "OBJ_57" = {
         isa = "PBXFileReference";
         path = "README.md";
         sourceTree = "<group>";
      };
      "OBJ_58" = {
         isa = "PBXFileReference";
         path = "CoreJSON.podspec";
         sourceTree = "<group>";
      };
      "OBJ_6" = {
         isa = "PBXFileReference";
         explicitFileType = "sourcecode.swift";
         path = "Package.swift";
         sourceTree = "<group>";
      };
      "OBJ_60" = {
         isa = "XCConfigurationList";
         buildConfigurations = (
            "OBJ_61",
            "OBJ_62"
         );
         defaultConfigurationIsVisible = "0";
         defaultConfigurationName = "Release";
      };
      "OBJ_61" = {
         isa = "XCBuildConfiguration";
         buildSettings = {
            ENABLE_TESTABILITY = "YES";
            FRAMEWORK_SEARCH_PATHS = (
               "$(inherited)",
               "$(PLATFORM_DIR)/Developer/Library/Frameworks"
            );
            HEADER_SEARCH_PATHS = (
               "$(inherited)"
            );
            INFOPLIST_FILE = "CoreJSON.xcodeproj/CoreJSON_Info.plist";
            IPHONEOS_DEPLOYMENT_TARGET = "8.0";
            LD_RUNPATH_SEARCH_PATHS = (
               "$(inherited)",
               "$(TOOLCHAIN_DIR)/usr/lib/swift/macosx"
            );
            MACOSX_DEPLOYMENT_TARGET = "10.10";
            OTHER_CFLAGS = (
               "$(inherited)"
            );
            OTHER_LDFLAGS = (
               "$(inherited)"
            );
            OTHER_SWIFT_FLAGS = (
               "$(inherited)"
            );
            PRODUCT_BUNDLE_IDENTIFIER = "CoreJSON";
            PRODUCT_MODULE_NAME = "$(TARGET_NAME:c99extidentifier)";
            PRODUCT_NAME = "$(TARGET_NAME:c99extidentifier)";
            SKIP_INSTALL = "YES";
            SWIFT_ACTIVE_COMPILATION_CONDITIONS = (
               "$(inherited)"
            );
            SWIFT_VERSION = "5.0";
            TARGET_NAME = "CoreJSON";
            TVOS_DEPLOYMENT_TARGET = "9.0";
            WATCHOS_DEPLOYMENT_TARGET = "2.0";
         };
         name = "Debug";
      };
      "OBJ_62" = {
         isa = "XCBuildConfiguration";
         buildSettings = {
            ENABLE_TESTABILITY = "YES";
            FRAMEWORK_SEARCH_PATHS = (
               "$(inherited)",
               "$(PLATFORM_DIR)/Developer/Library/Frameworks"
            );
            HEADER_SEARCH_PATHS = (
               "$(inherited)"
            );
            INFOPLIST_FILE = "CoreJSON.xcodeproj/CoreJSON_Info.plist";
            IPHONEOS_DEPLOYMENT_TARGET = "8.0";
            LD_RUNPATH_SEARCH_PATHS = (
               "$(inherited)",
               "$(TOOLCHAIN_DIR)/usr/lib/swift/macosx"
            );
            MACOSX_DEPLOYMENT_TARGET = "10.10";
            OTHER_CFLAGS = (
               "$(inherited)"
            );
            OTHER_LDFLAGS = (
               "$(inherited)"
            );
            OTHER_SWIFT_FLAGS = (
               "$(inherited)"
            );
            PRODUCT_BUNDLE_IDENTIFIER = "CoreJSON";
            PRODUCT_MODULE_NAME = "$(TARGET_NAME:c99extidentifier)";
            PRODUCT_NAME = "$(TARGET_NAME:c99extidentifier)";
            SKIP_INSTALL = "YES";
            SWIFT_ACTIVE_COMPILATION_CONDITIONS = (
               "$(inherited)"
            );
            SWIFT_VERSION = "5.0";
            TARGET_NAME = "CoreJSON";
            TVOS_DEPLOYMENT_TARGET = "9.0";
            WATCHOS_DEPLOYMENT_TARGET = "2.0";
         };
         name = "Release";
      };
      "OBJ_63" = {
         isa = "PBXSourcesBuildPhase";
         files = (
            "OBJ_64"
         );
      };
      "OBJ_64" = {
         isa = "PBXBuildFile";
         fileRef = "OBJ_9";
      };
      "OBJ_65" = {
         isa = "PBXFrameworksBuildPhase";
         files = (
         );
      };
      "OBJ_67" = {
         isa = "XCConfigurationList";
         buildConfigurations = (
            "OBJ_68",
            "OBJ_69"
         );
         defaultConfigurationIsVisible = "0";
         defaultConfigurationName = "Release";
      };
      "OBJ_68" = {
         isa = "XCBuildConfiguration";
         buildSettings = {
            ENABLE_TESTABILITY = "YES";
            FRAMEWORK_SEARCH_PATHS = (
               "$(inherited)",
               "$(PLATFORM_DIR)/Developer/Library/Frameworks"
            );
            HEADER_SEARCH_PATHS = (
               "$(inherited)"
            );
            INFOPLIST_FILE = "CoreJSON.xcodeproj/CoreJSONConvenience_Info.plist";
            IPHONEOS_DEPLOYMENT_TARGET = "8.0";
            LD_RUNPATH_SEARCH_PATHS = (
               "$(inherited)",
               "$(TOOLCHAIN_DIR)/usr/lib/swift/macosx"
            );
            MACOSX_DEPLOYMENT_TARGET = "10.10";
            OTHER_CFLAGS = (
               "$(inherited)"
            );
            OTHER_LDFLAGS = (
               "$(inherited)"
            );
            OTHER_SWIFT_FLAGS = (
               "$(inherited)"
            );
            PRODUCT_BUNDLE_IDENTIFIER = "CoreJSONConvenience";
            PRODUCT_MODULE_NAME = "$(TARGET_NAME:c99extidentifier)";
            PRODUCT_NAME = "$(TARGET_NAME:c99extidentifier)";
            SKIP_INSTALL = "YES";
            SWIFT_ACTIVE_COMPILATION_CONDITIONS = (
               "$(inherited)"
            );
            SWIFT_VERSION = "5.0";
            TARGET_NAME = "CoreJSONConvenience";
            TVOS_DEPLOYMENT_TARGET = "9.0";
            WATCHOS_DEPLOYMENT_TARGET = "2.0";
         };
         name = "Debug";
      };
      "OBJ_69" = {
         isa = "XCBuildConfiguration";
         buildSettings = {
            ENABLE_TESTABILITY = "YES";
            FRAMEWORK_SEARCH_PATHS = (
               "$(inherited)",
               "$(PLATFORM_DIR)/Developer/Library/Frameworks"
            );
            HEADER_SEARCH_PATHS = (
               "$(inherited)"
            );
            INFOPLIST_FILE = "CoreJSON.xcodeproj/CoreJSONConvenience_Info.plist";
            IPHONEOS_DEPLOYMENT_TARGET = "8.0";
            LD_RUNPATH_SEARCH_PATHS = (
               "$(inherited)",
               "$(TOOLCHAIN_DIR)/usr/lib/swift/macosx"
            );
            MACOSX_DEPLOYMENT_TARGET = "10.10";
            OTHER_CFLAGS = (
               "$(inherited)"
            );
            OTHER_LDFLAGS = (
               "$(inherited)"
            );
            OTHER_SWIFT_FLAGS = (
               "$(inherited)"
            );
            PRODUCT_BUNDLE_IDENTIFIER = "CoreJSONConvenience";
            PRODUCT_MODULE_NAME = "$(TARGET_NAME:c99extidentifier)";
            PRODUCT_NAME = "$(TARGET_NAME:c99extidentifier)";
            SKIP_INSTALL = "YES";
            SWIFT_ACTIVE_COMPILATION_CONDITIONS = (
               "$(inherited)"
            );
            SWIFT_VERSION = "5.0";
            TARGET_NAME = "CoreJSONConvenience";
            TVOS_DEPLOYMENT_TARGET = "9.0";
            WATCHOS_DEPLOYMENT_TARGET = "2.0";
         };
         name = "Release";
      };
      "OBJ_7" = {
         isa = "PBXGroup";
         children = (
            "OBJ_8",
            "OBJ_10",
            "OBJ_12",
            "OBJ_15",
            "OBJ_17",
            "OBJ_19"
         );
         name = "Sources";
         path = "";
         sourceTree = "SOURCE_ROOT";
      };
      "OBJ_70" = {
         isa = "PBXSourcesBuildPhase";
         files = (
            "OBJ_71"
         );
      };
      "OBJ_71" = {
         isa = "PBXBuildFile";
         fileRef = "OBJ_11";
      };
      "OBJ_72" = {
         isa = "PBXFrameworksBuildPhase";
         files = (
            "OBJ_73"
         );
      };
      "OBJ_73" = {
         isa = "PBXBuildFile";
         fileRef = "CoreJSON::CoreJSON::Product";
      };
      "OBJ_74" = {
         isa = "PBXTargetDependency";
         target = "CoreJSON::CoreJSON";
      };
      "OBJ_76" = {
         isa = "XCConfigurationList";
         buildConfigurations = (
            "OBJ_77",
            "OBJ_78"
         );
         defaultConfigurationIsVisible = "0";
         defaultConfigurationName = "Release";
      };
      "OBJ_77" = {
         isa = "XCBuildConfiguration";
         buildSettings = {
            CLANG_ENABLE_MODULES = "YES";
            EMBEDDED_CONTENT_CONTAINS_SWIFT = "YES";
            FRAMEWORK_SEARCH_PATHS = (
               "$(inherited)",
               "$(PLATFORM_DIR)/Developer/Library/Frameworks"
            );
            HEADER_SEARCH_PATHS = (
               "$(inherited)"
            );
            INFOPLIST_FILE = "CoreJSON.xcodeproj/CoreJSONConvenienceTests_Info.plist";
            IPHONEOS_DEPLOYMENT_TARGET = "8.0";
            LD_RUNPATH_SEARCH_PATHS = (
               "$(inherited)",
               "@loader_path/../Frameworks",
               "@loader_path/Frameworks"
            );
            MACOSX_DEPLOYMENT_TARGET = "10.10";
            OTHER_CFLAGS = (
               "$(inherited)"
            );
            OTHER_LDFLAGS = (
               "$(inherited)"
            );
            OTHER_SWIFT_FLAGS = (
               "$(inherited)"
            );
            SWIFT_ACTIVE_COMPILATION_CONDITIONS = (
               "$(inherited)"
            );
            SWIFT_VERSION = "5.0";
            TARGET_NAME = "CoreJSONConvenienceTests";
            TVOS_DEPLOYMENT_TARGET = "9.0";
            WATCHOS_DEPLOYMENT_TARGET = "2.0";
         };
         name = "Debug";
      };
      "OBJ_78" = {
         isa = "XCBuildConfiguration";
         buildSettings = {
            CLANG_ENABLE_MODULES = "YES";
            EMBEDDED_CONTENT_CONTAINS_SWIFT = "YES";
            FRAMEWORK_SEARCH_PATHS = (
               "$(inherited)",
               "$(PLATFORM_DIR)/Developer/Library/Frameworks"
            );
            HEADER_SEARCH_PATHS = (
               "$(inherited)"
            );
            INFOPLIST_FILE = "CoreJSON.xcodeproj/CoreJSONConvenienceTests_Info.plist";
            IPHONEOS_DEPLOYMENT_TARGET = "8.0";
            LD_RUNPATH_SEARCH_PATHS = (
               "$(inherited)",
               "@loader_path/../Frameworks",
               "@loader_path/Frameworks"
            );
            MACOSX_DEPLOYMENT_TARGET = "10.10";
            OTHER_CFLAGS = (
               "$(inherited)"
            );
            OTHER_LDFLAGS = (
               "$(inherited)"
            );
            OTHER_SWIFT_FLAGS = (
               "$(inherited)"
            );
            SWIFT_ACTIVE_COMPILATION_CONDITIONS = (
               "$(inherited)"
            );
            SWIFT_VERSION = "5.0";
            TARGET_NAME = "CoreJSONConvenienceTests";
            TVOS_DEPLOYMENT_TARGET = "9.0";
            WATCHOS_DEPLOYMENT_TARGET = "2.0";
         };
         name = "Release";
      };
      "OBJ_79" = {
         isa = "PBXSourcesBuildPhase";
         files = (
            "OBJ_80",
            "OBJ_81"
         );
      };
      "OBJ_8" = {
         isa = "PBXGroup";
         children = (
            "OBJ_9"
         );
         name = "CoreJSON";
         path = "Sources/CoreJSON";
         sourceTree = "SOURCE_ROOT";
      };
      "OBJ_80" = {
         isa = "PBXBuildFile";
         fileRef = "OBJ_23";
      };
      "OBJ_81" = {
         isa = "PBXBuildFile";
         fileRef = "OBJ_24";
      };
      "OBJ_82" = {
         isa = "PBXFrameworksBuildPhase";
         files = (
            "OBJ_83",
            "OBJ_84"
         );
      };
      "OBJ_83" = {
         isa = "PBXBuildFile";
         fileRef = "CoreJSON::CoreJSONConvenience::Product";
      };
      "OBJ_84" = {
         isa = "PBXBuildFile";
         fileRef = "CoreJSON::CoreJSON::Product";
      };
      "OBJ_85" = {
         isa = "PBXTargetDependency";
         target = "CoreJSON::CoreJSONConvenience";
      };
      "OBJ_86" = {
         isa = "PBXTargetDependency";
         target = "CoreJSON::CoreJSON";
      };
      "OBJ_88" = {
         isa = "XCConfigurationList";
         buildConfigurations = (
            "OBJ_89",
            "OBJ_90"
         );
         defaultConfigurationIsVisible = "0";
         defaultConfigurationName = "Release";
      };
      "OBJ_89" = {
         isa = "XCBuildConfiguration";
         buildSettings = {
            ENABLE_TESTABILITY = "YES";
            FRAMEWORK_SEARCH_PATHS = (
               "$(inherited)",
               "$(PLATFORM_DIR)/Developer/Library/Frameworks"
            );
            HEADER_SEARCH_PATHS = (
               "$(inherited)"
            );
            INFOPLIST_FILE = "CoreJSON.xcodeproj/CoreJSONFoundation_Info.plist";
            IPHONEOS_DEPLOYMENT_TARGET = "8.0";
            LD_RUNPATH_SEARCH_PATHS = (
               "$(inherited)",
               "$(TOOLCHAIN_DIR)/usr/lib/swift/macosx"
            );
            MACOSX_DEPLOYMENT_TARGET = "10.10";
            OTHER_CFLAGS = (
               "$(inherited)"
            );
            OTHER_LDFLAGS = (
               "$(inherited)"
            );
            OTHER_SWIFT_FLAGS = (
               "$(inherited)"
            );
            PRODUCT_BUNDLE_IDENTIFIER = "CoreJSONFoundation";
            PRODUCT_MODULE_NAME = "$(TARGET_NAME:c99extidentifier)";
            PRODUCT_NAME = "$(TARGET_NAME:c99extidentifier)";
            SKIP_INSTALL = "YES";
            SWIFT_ACTIVE_COMPILATION_CONDITIONS = (
               "$(inherited)"
            );
            SWIFT_VERSION = "5.0";
            TARGET_NAME = "CoreJSONFoundation";
            TVOS_DEPLOYMENT_TARGET = "9.0";
            WATCHOS_DEPLOYMENT_TARGET = "2.0";
         };
         name = "Debug";
      };
      "OBJ_9" = {
         isa = "PBXFileReference";
         path = "JSON.swift";
         sourceTree = "<group>";
      };
      "OBJ_90" = {
         isa = "XCBuildConfiguration";
         buildSettings = {
            ENABLE_TESTABILITY = "YES";
            FRAMEWORK_SEARCH_PATHS = (
               "$(inherited)",
               "$(PLATFORM_DIR)/Developer/Library/Frameworks"
            );
            HEADER_SEARCH_PATHS = (
               "$(inherited)"
            );
            INFOPLIST_FILE = "CoreJSON.xcodeproj/CoreJSONFoundation_Info.plist";
            IPHONEOS_DEPLOYMENT_TARGET = "8.0";
            LD_RUNPATH_SEARCH_PATHS = (
               "$(inherited)",
               "$(TOOLCHAIN_DIR)/usr/lib/swift/macosx"
            );
            MACOSX_DEPLOYMENT_TARGET = "10.10";
            OTHER_CFLAGS = (
               "$(inherited)"
            );
            OTHER_LDFLAGS = (
               "$(inherited)"
            );
            OTHER_SWIFT_FLAGS = (
               "$(inherited)"
            );
            PRODUCT_BUNDLE_IDENTIFIER = "CoreJSONFoundation";
            PRODUCT_MODULE_NAME = "$(TARGET_NAME:c99extidentifier)";
            PRODUCT_NAME = "$(TARGET_NAME:c99extidentifier)";
            SKIP_INSTALL = "YES";
            SWIFT_ACTIVE_COMPILATION_CONDITIONS = (
               "$(inherited)"
            );
            SWIFT_VERSION = "5.0";
            TARGET_NAME = "CoreJSONFoundation";
            TVOS_DEPLOYMENT_TARGET = "9.0";
            WATCHOS_DEPLOYMENT_TARGET = "2.0";
         };
         name = "Release";
      };
      "OBJ_91" = {
         isa = "PBXSourcesBuildPhase";
         files = (
            "OBJ_92",
            "OBJ_93"
         );
      };
      "OBJ_92" = {
         isa = "PBXBuildFile";
         fileRef = "OBJ_13";
      };
      "OBJ_93" = {
         isa = "PBXBuildFile";
         fileRef = "OBJ_14";
      };
      "OBJ_94" = {
         isa = "PBXFrameworksBuildPhase";
         files = (
            "OBJ_95"
         );
      };
      "OBJ_95" = {
         isa = "PBXBuildFile";
         fileRef = "CoreJSON::CoreJSON::Product";
      };
      "OBJ_96" = {
         isa = "PBXTargetDependency";
         target = "CoreJSON::CoreJSON";
      };
      "OBJ_98" = {
         isa = "XCConfigurationList";
         buildConfigurations = (
            "OBJ_99",
            "OBJ_100"
         );
         defaultConfigurationIsVisible = "0";
         defaultConfigurationName = "Release";
      };
      "OBJ_99" = {
         isa = "XCBuildConfiguration";
         buildSettings = {
            CLANG_ENABLE_MODULES = "YES";
            EMBEDDED_CONTENT_CONTAINS_SWIFT = "YES";
            FRAMEWORK_SEARCH_PATHS = (
               "$(inherited)",
               "$(PLATFORM_DIR)/Developer/Library/Frameworks"
            );
            HEADER_SEARCH_PATHS = (
               "$(inherited)"
            );
            INFOPLIST_FILE = "CoreJSON.xcodeproj/CoreJSONFoundationTests_Info.plist";
            IPHONEOS_DEPLOYMENT_TARGET = "8.0";
            LD_RUNPATH_SEARCH_PATHS = (
               "$(inherited)",
               "@loader_path/../Frameworks",
               "@loader_path/Frameworks"
            );
            MACOSX_DEPLOYMENT_TARGET = "10.10";
            OTHER_CFLAGS = (
               "$(inherited)"
            );
            OTHER_LDFLAGS = (
               "$(inherited)"
            );
            OTHER_SWIFT_FLAGS = (
               "$(inherited)"
            );
            SWIFT_ACTIVE_COMPILATION_CONDITIONS = (
               "$(inherited)"
            );
            SWIFT_VERSION = "5.0";
            TARGET_NAME = "CoreJSONFoundationTests";
            TVOS_DEPLOYMENT_TARGET = "9.0";
            WATCHOS_DEPLOYMENT_TARGET = "2.0";
         };
         name = "Debug";
      };
   };
   rootObject = "OBJ_1";
}
